// !$*UTF8*$!
{
	archiveVersion = 1;
	classes = {
	};
	objectVersion = 46;
	objects = {

/* Begin PBXBuildFile section */
		4A07FB6521F2235B00007B8B /* NSMutableURLRequest+studies.m in Sources */ = {isa = PBXBuildFile; fileRef = 4A07FB6321F2235B00007B8B /* NSMutableURLRequest+studies.m */; };
		4A07FB6621F2235B00007B8B /* NSMutableURLRequest+studies.h in Headers */ = {isa = PBXBuildFile; fileRef = 4A07FB6421F2235B00007B8B /* NSMutableURLRequest+studies.h */; };
		4A0E60441E81C01B005D7F2B /* ODLog.h in Headers */ = {isa = PBXBuildFile; fileRef = 4A0E60431E81C01B005D7F2B /* ODLog.h */; };
		4A0FDF201E904E5C001E3426 /* main.m in Sources */ = {isa = PBXBuildFile; fileRef = 4A0FDF1F1E904E5C001E3426 /* main.m */; };
		4A0FDF421E91078C001E3426 /* RSBodyEncoder.h in Headers */ = {isa = PBXBuildFile; fileRef = 4A0FDF2C1E91078C001E3426 /* RSBodyEncoder.h */; };
		4A0FDF431E91078C001E3426 /* RSBodyEncoder.m in Sources */ = {isa = PBXBuildFile; fileRef = 4A0FDF2D1E91078C001E3426 /* RSBodyEncoder.m */; };
		4A0FDF441E91078C001E3426 /* RSBodyReaderProtocol.h in Headers */ = {isa = PBXBuildFile; fileRef = 4A0FDF2E1E91078C001E3426 /* RSBodyReaderProtocol.h */; };
		4A0FDF451E91078C001E3426 /* RSGZipEncoder.h in Headers */ = {isa = PBXBuildFile; fileRef = 4A0FDF2F1E91078C001E3426 /* RSGZipEncoder.h */; };
		4A0FDF461E91078C001E3426 /* RSGZipEncoder.m in Sources */ = {isa = PBXBuildFile; fileRef = 4A0FDF301E91078C001E3426 /* RSGZipEncoder.m */; };
		4A0FDF471E91078C001E3426 /* RSResponse.h in Headers */ = {isa = PBXBuildFile; fileRef = 4A0FDF311E91078C001E3426 /* RSResponse.h */; };
		4A0FDF481E91078C001E3426 /* RSResponse.m in Sources */ = {isa = PBXBuildFile; fileRef = 4A0FDF321E91078C001E3426 /* RSResponse.m */; };
		4A0FDF491E91078C001E3426 /* RSDataResponse.h in Headers */ = {isa = PBXBuildFile; fileRef = 4A0FDF341E91078C001E3426 /* RSDataResponse.h */; };
		4A0FDF4A1E91078C001E3426 /* RSDataResponse.m in Sources */ = {isa = PBXBuildFile; fileRef = 4A0FDF351E91078C001E3426 /* RSDataResponse.m */; };
		4A0FDF4B1E91078C001E3426 /* RSErrorResponse.h in Headers */ = {isa = PBXBuildFile; fileRef = 4A0FDF361E91078C001E3426 /* RSErrorResponse.h */; };
		4A0FDF4C1E91078C001E3426 /* RSErrorResponse.m in Sources */ = {isa = PBXBuildFile; fileRef = 4A0FDF371E91078C001E3426 /* RSErrorResponse.m */; };
		4A0FDF4D1E91078C001E3426 /* RSFileResponse.h in Headers */ = {isa = PBXBuildFile; fileRef = 4A0FDF381E91078C001E3426 /* RSFileResponse.h */; };
		4A0FDF4E1E91078C001E3426 /* RSFileResponse.m in Sources */ = {isa = PBXBuildFile; fileRef = 4A0FDF391E91078C001E3426 /* RSFileResponse.m */; };
		4A0FDF4F1E91078C001E3426 /* RSStreamedResponse.h in Headers */ = {isa = PBXBuildFile; fileRef = 4A0FDF3A1E91078C001E3426 /* RSStreamedResponse.h */; };
		4A0FDF501E91078C001E3426 /* RSStreamedResponse.m in Sources */ = {isa = PBXBuildFile; fileRef = 4A0FDF3B1E91078C001E3426 /* RSStreamedResponse.m */; };
		4A0FDF511E91078C001E3426 /* RS.h in Headers */ = {isa = PBXBuildFile; fileRef = 4A0FDF3C1E91078C001E3426 /* RS.h */; };
		4A0FDF521E91078C001E3426 /* RS.m in Sources */ = {isa = PBXBuildFile; fileRef = 4A0FDF3D1E91078C001E3426 /* RS.m */; };
		4A0FDF531E91078C001E3426 /* RSConnection.h in Headers */ = {isa = PBXBuildFile; fileRef = 4A0FDF3E1E91078C001E3426 /* RSConnection.h */; };
		4A0FDF541E91078C001E3426 /* RSConnection.m in Sources */ = {isa = PBXBuildFile; fileRef = 4A0FDF3F1E91078C001E3426 /* RSConnection.m */; };
		4A0FDF5B1E9109EB001E3426 /* RSBodyWriterProtocol.h in Headers */ = {isa = PBXBuildFile; fileRef = 4A0FDF581E9109EB001E3426 /* RSBodyWriterProtocol.h */; };
		4A0FDF5C1E9109EB001E3426 /* RSRequest.h in Headers */ = {isa = PBXBuildFile; fileRef = 4A0FDF591E9109EB001E3426 /* RSRequest.h */; };
		4A0FDF5D1E9109EB001E3426 /* RSRequest.m in Sources */ = {isa = PBXBuildFile; fileRef = 4A0FDF5A1E9109EB001E3426 /* RSRequest.m */; };
		4A0FDF621E910C1D001E3426 /* RSBodyDecoder.h in Headers */ = {isa = PBXBuildFile; fileRef = 4A0FDF5E1E910C1D001E3426 /* RSBodyDecoder.h */; };
		4A0FDF631E910C1D001E3426 /* RSBodyDecoder.m in Sources */ = {isa = PBXBuildFile; fileRef = 4A0FDF5F1E910C1D001E3426 /* RSBodyDecoder.m */; };
		4A0FDF641E910C1D001E3426 /* RSGZipDecoder.h in Headers */ = {isa = PBXBuildFile; fileRef = 4A0FDF601E910C1D001E3426 /* RSGZipDecoder.h */; };
		4A0FDF651E910C1D001E3426 /* RSGZipDecoder.m in Sources */ = {isa = PBXBuildFile; fileRef = 4A0FDF611E910C1D001E3426 /* RSGZipDecoder.m */; };
		4A19C9341E8F15B700DDD35D /* RSHandler.h in Headers */ = {isa = PBXBuildFile; fileRef = 4A19C9211E8F15B700DDD35D /* RSHandler.h */; };
		4A19C9351E8F15B700DDD35D /* RSHandler.m in Sources */ = {isa = PBXBuildFile; fileRef = 4A19C9221E8F15B700DDD35D /* RSHandler.m */; };
		4A2D90622181E37D00371484 /* DRS+wado.m in Sources */ = {isa = PBXBuildFile; fileRef = 4A2D90562181E37C00371484 /* DRS+wado.m */; };
		4A2D90632181E37D00371484 /* DRS+iheiid.m in Sources */ = {isa = PBXBuildFile; fileRef = 4A2D90572181E37C00371484 /* DRS+iheiid.m */; };
		4A2D90642181E37D00371484 /* DRS+datatables.m in Sources */ = {isa = PBXBuildFile; fileRef = 4A2D90582181E37C00371484 /* DRS+datatables.m */; };
		4A2D90652181E37D00371484 /* DRS+datatables.h in Headers */ = {isa = PBXBuildFile; fileRef = 4A2D90592181E37C00371484 /* DRS+datatables.h */; };
		4A2D90662181E37D00371484 /* DRS+wadors.m in Sources */ = {isa = PBXBuildFile; fileRef = 4A2D905A2181E37C00371484 /* DRS+wadors.m */; };
		4A2D90672181E37D00371484 /* DRS+zipped.h in Headers */ = {isa = PBXBuildFile; fileRef = 4A2D905B2181E37C00371484 /* DRS+zipped.h */; };
		4A2D90682181E37D00371484 /* DRS+wadors.h in Headers */ = {isa = PBXBuildFile; fileRef = 4A2D905C2181E37C00371484 /* DRS+wadors.h */; };
		4A2D90692181E37D00371484 /* DRS+weasis.h in Headers */ = {isa = PBXBuildFile; fileRef = 4A2D905D2181E37C00371484 /* DRS+weasis.h */; };
		4A2D906A2181E37D00371484 /* DRS+zipped.m in Sources */ = {isa = PBXBuildFile; fileRef = 4A2D905E2181E37D00371484 /* DRS+zipped.m */; };
		4A2D906B2181E37D00371484 /* DRS+weasis.m in Sources */ = {isa = PBXBuildFile; fileRef = 4A2D905F2181E37D00371484 /* DRS+weasis.m */; };
		4A2D906C2181E37D00371484 /* DRS+wado.h in Headers */ = {isa = PBXBuildFile; fileRef = 4A2D90602181E37D00371484 /* DRS+wado.h */; };
		4A2D906D2181E37D00371484 /* DRS+iheiid.h in Headers */ = {isa = PBXBuildFile; fileRef = 4A2D90612181E37D00371484 /* DRS+iheiid.h */; };
		4A2D906F218342F800371484 /* libz.tbd in Frameworks */ = {isa = PBXBuildFile; fileRef = 4A2D906E218342F800371484 /* libz.tbd */; };
		4A2D90762183455100371484 /* LFCGzipUtility.m in Sources */ = {isa = PBXBuildFile; fileRef = 4A2D90722183455000371484 /* LFCGzipUtility.m */; };
		4A2D90772183455100371484 /* zlib.h in Headers */ = {isa = PBXBuildFile; fileRef = 4A2D90732183455000371484 /* zlib.h */; };
		4A2D90782183455100371484 /* LFCGzipUtility.h in Headers */ = {isa = PBXBuildFile; fileRef = 4A2D90742183455000371484 /* LFCGzipUtility.h */; };
		4A2D90792183455100371484 /* zconf.h in Headers */ = {isa = PBXBuildFile; fileRef = 4A2D90752183455000371484 /* zconf.h */; };
		4A7A17C92102438400B4E801 /* DRS+pdf.h in Headers */ = {isa = PBXBuildFile; fileRef = 4A7A17C72102438400B4E801 /* DRS+pdf.h */; };
		4A7A17CA2102438400B4E801 /* DRS+pdf.m in Sources */ = {isa = PBXBuildFile; fileRef = 4A7A17C82102438400B4E801 /* DRS+pdf.m */; };
		4A7E6CFC210A06DA00D63315 /* NSMutableURLRequest+instance.h in Headers */ = {isa = PBXBuildFile; fileRef = 4A7E6CF6210A06DA00D63315 /* NSMutableURLRequest+instance.h */; };
		4A7E6CFD210A06DA00D63315 /* NSMutableURLRequest+html5dicom.m in Sources */ = {isa = PBXBuildFile; fileRef = 4A7E6CF7210A06DA00D63315 /* NSMutableURLRequest+html5dicom.m */; };
		4A7E6CFE210A06DA00D63315 /* NSMutableURLRequest+enclosed.h in Headers */ = {isa = PBXBuildFile; fileRef = 4A7E6CF8210A06DA00D63315 /* NSMutableURLRequest+enclosed.h */; };
		4A7E6CFF210A06DA00D63315 /* NSMutableURLRequest+instance.m in Sources */ = {isa = PBXBuildFile; fileRef = 4A7E6CF9210A06DA00D63315 /* NSMutableURLRequest+instance.m */; };
		4A7E6D00210A06DA00D63315 /* NSMutableURLRequest+html5dicom.h in Headers */ = {isa = PBXBuildFile; fileRef = 4A7E6CFA210A06DA00D63315 /* NSMutableURLRequest+html5dicom.h */; };
		4A7E6D01210A06DA00D63315 /* NSMutableURLRequest+enclosed.m in Sources */ = {isa = PBXBuildFile; fileRef = 4A7E6CFB210A06DA00D63315 /* NSMutableURLRequest+enclosed.m */; };
		4A7E6D04210A0A5A00D63315 /* NSMutableURLRequest+patient.m in Sources */ = {isa = PBXBuildFile; fileRef = 4A7E6D02210A0A5900D63315 /* NSMutableURLRequest+patient.m */; };
		4A7E6D05210A0A5A00D63315 /* NSMutableURLRequest+patient.h in Headers */ = {isa = PBXBuildFile; fileRef = 4A7E6D03210A0A5900D63315 /* NSMutableURLRequest+patient.h */; };
		4A94BE9F208691320009C4AB /* DRS+mwl.h in Headers */ = {isa = PBXBuildFile; fileRef = 4A94BE9D208691310009C4AB /* DRS+mwl.h */; };
		4A94BEA0208691320009C4AB /* DRS+mwl.m in Sources */ = {isa = PBXBuildFile; fileRef = 4A94BE9E208691320009C4AB /* DRS+mwl.m */; };
		4A94BEA4209228E10009C4AB /* NSDictionary+PCS.h in Headers */ = {isa = PBXBuildFile; fileRef = 4A94BEA2209228E10009C4AB /* NSDictionary+PCS.h */; };
		4A94BEA5209228E10009C4AB /* NSDictionary+PCS.m in Sources */ = {isa = PBXBuildFile; fileRef = 4A94BEA3209228E10009C4AB /* NSDictionary+PCS.m */; };
		4A96C55F1E843C9E002EB09E /* RFC822.m in Sources */ = {isa = PBXBuildFile; fileRef = 4A96C55E1E843C9E002EB09E /* RFC822.m */; };
		4A96C5611E843CBD002EB09E /* RFC822.h in Headers */ = {isa = PBXBuildFile; fileRef = 4A96C5601E843CBD002EB09E /* RFC822.h */; };
		4ABF11DC1FE5C11C000B8DE6 /* NSString+PCS.m in Sources */ = {isa = PBXBuildFile; fileRef = 4ABF11D21FE5C11B000B8DE6 /* NSString+PCS.m */; };
		4ABF11DE1FE5C11C000B8DE6 /* NSData+PCS.h in Headers */ = {isa = PBXBuildFile; fileRef = 4ABF11D41FE5C11B000B8DE6 /* NSData+PCS.h */; };
		4ABF11DF1FE5C11C000B8DE6 /* NSString+PCS.h in Headers */ = {isa = PBXBuildFile; fileRef = 4ABF11D51FE5C11B000B8DE6 /* NSString+PCS.h */; };
		4ABF11E11FE5C11C000B8DE6 /* NSURLComponents+PCS.h in Headers */ = {isa = PBXBuildFile; fileRef = 4ABF11D71FE5C11C000B8DE6 /* NSURLComponents+PCS.h */; };
		4ABF11E21FE5C11C000B8DE6 /* NSURLComponents+PCS.m in Sources */ = {isa = PBXBuildFile; fileRef = 4ABF11D81FE5C11C000B8DE6 /* NSURLComponents+PCS.m */; };
		4ABF11E31FE5C11C000B8DE6 /* NSURLSessionDataTask+PCS.m in Sources */ = {isa = PBXBuildFile; fileRef = 4ABF11D91FE5C11C000B8DE6 /* NSURLSessionDataTask+PCS.m */; };
		4ABF11E41FE5C11C000B8DE6 /* NSData+PCS.m in Sources */ = {isa = PBXBuildFile; fileRef = 4ABF11DA1FE5C11C000B8DE6 /* NSData+PCS.m */; };
		4ABF11E51FE5C11C000B8DE6 /* NSURLSessionDataTask+PCS.h in Headers */ = {isa = PBXBuildFile; fileRef = 4ABF11DB1FE5C11C000B8DE6 /* NSURLSessionDataTask+PCS.h */; };
		4ABF11F01FE5C13B000B8DE6 /* NSMutableData+DICM.h in Headers */ = {isa = PBXBuildFile; fileRef = 4ABF11E61FE5C13A000B8DE6 /* NSMutableData+DICM.h */; };
		4ABF11F11FE5C13B000B8DE6 /* NSUUID+DICM.m in Sources */ = {isa = PBXBuildFile; fileRef = 4ABF11E71FE5C13B000B8DE6 /* NSUUID+DICM.m */; };
		4ABF11F21FE5C13B000B8DE6 /* NSMutableData+DICM.m in Sources */ = {isa = PBXBuildFile; fileRef = 4ABF11E81FE5C13B000B8DE6 /* NSMutableData+DICM.m */; };
		4ABF11F31FE5C13B000B8DE6 /* NSDictionary+DICM.h in Headers */ = {isa = PBXBuildFile; fileRef = 4ABF11E91FE5C13B000B8DE6 /* NSDictionary+DICM.h */; };
		4ABF11F41FE5C13B000B8DE6 /* NSDictionary+DICM.m in Sources */ = {isa = PBXBuildFile; fileRef = 4ABF11EA1FE5C13B000B8DE6 /* NSDictionary+DICM.m */; };
		4ABF11F51FE5C13B000B8DE6 /* NSUUID+DICM.h in Headers */ = {isa = PBXBuildFile; fileRef = 4ABF11EB1FE5C13B000B8DE6 /* NSUUID+DICM.h */; };
		4ABF11F61FE5C13B000B8DE6 /* DICMTypes.h in Headers */ = {isa = PBXBuildFile; fileRef = 4ABF11EC1FE5C13B000B8DE6 /* DICMTypes.h */; };
		4ABF11F71FE5C13B000B8DE6 /* DICMTypes.m in Sources */ = {isa = PBXBuildFile; fileRef = 4ABF11ED1FE5C13B000B8DE6 /* DICMTypes.m */; };
		4ABF11F81FE5C13B000B8DE6 /* NSMutableDictionary+DICM.h in Headers */ = {isa = PBXBuildFile; fileRef = 4ABF11EE1FE5C13B000B8DE6 /* NSMutableDictionary+DICM.h */; };
		4ABF11F91FE5C13B000B8DE6 /* NSMutableDictionary+DICM.m in Sources */ = {isa = PBXBuildFile; fileRef = 4ABF11EF1FE5C13B000B8DE6 /* NSMutableDictionary+DICM.m */; };
		4ABF11FD1FE6879C000B8DE6 /* NSMutableString+DSCD.h in Headers */ = {isa = PBXBuildFile; fileRef = 4ABF11FB1FE6879C000B8DE6 /* NSMutableString+DSCD.h */; };
		4ABF11FE1FE6879C000B8DE6 /* NSMutableString+DSCD.m in Sources */ = {isa = PBXBuildFile; fileRef = 4ABF11FC1FE6879C000B8DE6 /* NSMutableString+DSCD.m */; };
		4ABF12021FE89413000B8DE6 /* Const.h in Headers */ = {isa = PBXBuildFile; fileRef = 4ABF11FF1FE89412000B8DE6 /* Const.h */; };
		4ABF12031FE89413000B8DE6 /* Const.m in Sources */ = {isa = PBXBuildFile; fileRef = 4ABF12001FE89412000B8DE6 /* Const.m */; };
		4ABF12041FE89413000B8DE6 /* iconv.h in Headers */ = {isa = PBXBuildFile; fileRef = 4ABF12011FE89412000B8DE6 /* iconv.h */; };
		4AD38B322062D47200CA1ECC /* K.h in Headers */ = {isa = PBXBuildFile; fileRef = 4AD38B302062D47200CA1ECC /* K.h */; };
		4AD38B332062D47200CA1ECC /* K.m in Sources */ = {isa = PBXBuildFile; fileRef = 4AD38B312062D47200CA1ECC /* K.m */; };
		4AE49DDB2008F1F600B8F321 /* DRS.h in Headers */ = {isa = PBXBuildFile; fileRef = 4AE49DD92008F1F600B8F321 /* DRS.h */; };
		4AE49DDC2008F1F600B8F321 /* DRS.m in Sources */ = {isa = PBXBuildFile; fileRef = 4AE49DDA2008F1F600B8F321 /* DRS.m */; };
		4AE49DE32009987800B8F321 /* DRS+functions.h in Headers */ = {isa = PBXBuildFile; fileRef = 4AE49DE12009987800B8F321 /* DRS+functions.h */; };
		4AE49DE42009987800B8F321 /* DRS+functions.m in Sources */ = {isa = PBXBuildFile; fileRef = 4AE49DE22009987800B8F321 /* DRS+functions.m */; };
		4AE49DE62009D11800B8F321 /* ODLog.m in Sources */ = {isa = PBXBuildFile; fileRef = 4AE49DE52009D11800B8F321 /* ODLog.m */; };
		4AE49DF2200D153000B8F321 /* DRS+pacs.h in Headers */ = {isa = PBXBuildFile; fileRef = 4AE49DF0200D153000B8F321 /* DRS+pacs.h */; };
		4AE49DF3200D153000B8F321 /* DRS+pacs.m in Sources */ = {isa = PBXBuildFile; fileRef = 4AE49DF1200D153000B8F321 /* DRS+pacs.m */; };
		4AE49DFA200F66AC00B8F321 /* NSMutableURLRequest+MWL.h in Headers */ = {isa = PBXBuildFile; fileRef = 4AE49DF8200F66AC00B8F321 /* NSMutableURLRequest+MWL.h */; };
		4AE49DFB200F66AC00B8F321 /* NSMutableURLRequest+MWL.m in Sources */ = {isa = PBXBuildFile; fileRef = 4AE49DF9200F66AC00B8F321 /* NSMutableURLRequest+MWL.m */; };
/* End PBXBuildFile section */

/* Begin PBXCopyFilesBuildPhase section */
		2A31F5E01C87295A00A78C7C /* CopyFiles */ = {
			isa = PBXCopyFilesBuildPhase;
			buildActionMask = 2147483647;
			dstPath = /usr/share/man/man1/;
			dstSubfolderSpec = 0;
			files = (
			);
			runOnlyForDeploymentPostprocessing = 1;
		};
/* End PBXCopyFilesBuildPhase section */

/* Begin PBXFileReference section */
		2A31F5E21C87295A00A78C7C /* httpdicom */ = {isa = PBXFileReference; explicitFileType = "compiled.mach-o.executable"; includeInIndex = 0; path = httpdicom; sourceTree = BUILT_PRODUCTS_DIR; };
		2A31F5E51C87295A00A78C7C /* Foundation.framework */ = {isa = PBXFileReference; lastKnownFileType = wrapper.framework; name = Foundation.framework; path = System/Library/Frameworks/Foundation.framework; sourceTree = SDKROOT; };
		4A07FB6321F2235B00007B8B /* NSMutableURLRequest+studies.m */ = {isa = PBXFileReference; fileEncoding = 4; lastKnownFileType = sourcecode.c.objc; path = "NSMutableURLRequest+studies.m"; sourceTree = "<group>"; };
		4A07FB6421F2235B00007B8B /* NSMutableURLRequest+studies.h */ = {isa = PBXFileReference; fileEncoding = 4; lastKnownFileType = sourcecode.c.h; path = "NSMutableURLRequest+studies.h"; sourceTree = "<group>"; };
		4A07FB6B21F5FB3A00007B8B /* INSTALL.md */ = {isa = PBXFileReference; lastKnownFileType = net.daringfireball.markdown; path = INSTALL.md; sourceTree = "<group>"; };
		4A07FB6C21F5FB3A00007B8B /* LICENSE.md */ = {isa = PBXFileReference; lastKnownFileType = net.daringfireball.markdown; path = LICENSE.md; sourceTree = "<group>"; };
		4A0E60431E81C01B005D7F2B /* ODLog.h */ = {isa = PBXFileReference; fileEncoding = 4; lastKnownFileType = sourcecode.c.h; path = ODLog.h; sourceTree = SOURCE_ROOT; };
		4A0FDF1F1E904E5C001E3426 /* main.m */ = {isa = PBXFileReference; fileEncoding = 4; lastKnownFileType = sourcecode.c.objc; path = main.m; sourceTree = "<group>"; };
		4A0FDF2C1E91078C001E3426 /* RSBodyEncoder.h */ = {isa = PBXFileReference; fileEncoding = 4; lastKnownFileType = sourcecode.c.h; path = RSBodyEncoder.h; sourceTree = "<group>"; };
		4A0FDF2D1E91078C001E3426 /* RSBodyEncoder.m */ = {isa = PBXFileReference; fileEncoding = 4; lastKnownFileType = sourcecode.c.objc; path = RSBodyEncoder.m; sourceTree = "<group>"; };
		4A0FDF2E1E91078C001E3426 /* RSBodyReaderProtocol.h */ = {isa = PBXFileReference; fileEncoding = 4; lastKnownFileType = sourcecode.c.h; path = RSBodyReaderProtocol.h; sourceTree = "<group>"; };
		4A0FDF2F1E91078C001E3426 /* RSGZipEncoder.h */ = {isa = PBXFileReference; fileEncoding = 4; lastKnownFileType = sourcecode.c.h; path = RSGZipEncoder.h; sourceTree = "<group>"; };
		4A0FDF301E91078C001E3426 /* RSGZipEncoder.m */ = {isa = PBXFileReference; fileEncoding = 4; lastKnownFileType = sourcecode.c.objc; path = RSGZipEncoder.m; sourceTree = "<group>"; };
		4A0FDF311E91078C001E3426 /* RSResponse.h */ = {isa = PBXFileReference; fileEncoding = 4; lastKnownFileType = sourcecode.c.h; path = RSResponse.h; sourceTree = "<group>"; };
		4A0FDF321E91078C001E3426 /* RSResponse.m */ = {isa = PBXFileReference; fileEncoding = 4; lastKnownFileType = sourcecode.c.objc; path = RSResponse.m; sourceTree = "<group>"; };
		4A0FDF341E91078C001E3426 /* RSDataResponse.h */ = {isa = PBXFileReference; fileEncoding = 4; lastKnownFileType = sourcecode.c.h; path = RSDataResponse.h; sourceTree = "<group>"; };
		4A0FDF351E91078C001E3426 /* RSDataResponse.m */ = {isa = PBXFileReference; fileEncoding = 4; lastKnownFileType = sourcecode.c.objc; path = RSDataResponse.m; sourceTree = "<group>"; };
		4A0FDF361E91078C001E3426 /* RSErrorResponse.h */ = {isa = PBXFileReference; fileEncoding = 4; lastKnownFileType = sourcecode.c.h; path = RSErrorResponse.h; sourceTree = "<group>"; };
		4A0FDF371E91078C001E3426 /* RSErrorResponse.m */ = {isa = PBXFileReference; fileEncoding = 4; lastKnownFileType = sourcecode.c.objc; path = RSErrorResponse.m; sourceTree = "<group>"; };
		4A0FDF381E91078C001E3426 /* RSFileResponse.h */ = {isa = PBXFileReference; fileEncoding = 4; lastKnownFileType = sourcecode.c.h; path = RSFileResponse.h; sourceTree = "<group>"; };
		4A0FDF391E91078C001E3426 /* RSFileResponse.m */ = {isa = PBXFileReference; fileEncoding = 4; lastKnownFileType = sourcecode.c.objc; path = RSFileResponse.m; sourceTree = "<group>"; };
		4A0FDF3A1E91078C001E3426 /* RSStreamedResponse.h */ = {isa = PBXFileReference; fileEncoding = 4; lastKnownFileType = sourcecode.c.h; path = RSStreamedResponse.h; sourceTree = "<group>"; };
		4A0FDF3B1E91078C001E3426 /* RSStreamedResponse.m */ = {isa = PBXFileReference; fileEncoding = 4; lastKnownFileType = sourcecode.c.objc; path = RSStreamedResponse.m; sourceTree = "<group>"; };
		4A0FDF3C1E91078C001E3426 /* RS.h */ = {isa = PBXFileReference; fileEncoding = 4; lastKnownFileType = sourcecode.c.h; path = RS.h; sourceTree = "<group>"; };
		4A0FDF3D1E91078C001E3426 /* RS.m */ = {isa = PBXFileReference; fileEncoding = 4; lastKnownFileType = sourcecode.c.objc; path = RS.m; sourceTree = "<group>"; };
		4A0FDF3E1E91078C001E3426 /* RSConnection.h */ = {isa = PBXFileReference; fileEncoding = 4; lastKnownFileType = sourcecode.c.h; path = RSConnection.h; sourceTree = "<group>"; };
		4A0FDF3F1E91078C001E3426 /* RSConnection.m */ = {isa = PBXFileReference; fileEncoding = 4; lastKnownFileType = sourcecode.c.objc; path = RSConnection.m; sourceTree = "<group>"; };
		4A0FDF581E9109EB001E3426 /* RSBodyWriterProtocol.h */ = {isa = PBXFileReference; fileEncoding = 4; lastKnownFileType = sourcecode.c.h; path = RSBodyWriterProtocol.h; sourceTree = "<group>"; };
		4A0FDF591E9109EB001E3426 /* RSRequest.h */ = {isa = PBXFileReference; fileEncoding = 4; lastKnownFileType = sourcecode.c.h; path = RSRequest.h; sourceTree = "<group>"; };
		4A0FDF5A1E9109EB001E3426 /* RSRequest.m */ = {isa = PBXFileReference; fileEncoding = 4; lastKnownFileType = sourcecode.c.objc; path = RSRequest.m; sourceTree = "<group>"; };
		4A0FDF5E1E910C1D001E3426 /* RSBodyDecoder.h */ = {isa = PBXFileReference; fileEncoding = 4; lastKnownFileType = sourcecode.c.h; path = RSBodyDecoder.h; sourceTree = "<group>"; };
		4A0FDF5F1E910C1D001E3426 /* RSBodyDecoder.m */ = {isa = PBXFileReference; fileEncoding = 4; lastKnownFileType = sourcecode.c.objc; path = RSBodyDecoder.m; sourceTree = "<group>"; };
		4A0FDF601E910C1D001E3426 /* RSGZipDecoder.h */ = {isa = PBXFileReference; fileEncoding = 4; lastKnownFileType = sourcecode.c.h; path = RSGZipDecoder.h; sourceTree = "<group>"; };
		4A0FDF611E910C1D001E3426 /* RSGZipDecoder.m */ = {isa = PBXFileReference; fileEncoding = 4; lastKnownFileType = sourcecode.c.objc; path = RSGZipDecoder.m; sourceTree = "<group>"; };
		4A19C9211E8F15B700DDD35D /* RSHandler.h */ = {isa = PBXFileReference; fileEncoding = 4; lastKnownFileType = sourcecode.c.h; path = RSHandler.h; sourceTree = "<group>"; };
		4A19C9221E8F15B700DDD35D /* RSHandler.m */ = {isa = PBXFileReference; fileEncoding = 4; lastKnownFileType = sourcecode.c.objc; path = RSHandler.m; sourceTree = "<group>"; };
		4A2D905021802EDC00371484 /* test */ = {isa = PBXFileReference; lastKnownFileType = folder; path = test; sourceTree = "<group>"; };
		4A2D9051218030A200371484 /* deploy */ = {isa = PBXFileReference; lastKnownFileType = folder; path = deploy; sourceTree = "<group>"; };
		4A2D90522180335600371484 /* doc */ = {isa = PBXFileReference; lastKnownFileType = folder; path = doc; sourceTree = "<group>"; };
		4A2D90562181E37C00371484 /* DRS+wado.m */ = {isa = PBXFileReference; fileEncoding = 4; lastKnownFileType = sourcecode.c.objc; path = "DRS+wado.m"; sourceTree = "<group>"; };
		4A2D90572181E37C00371484 /* DRS+iheiid.m */ = {isa = PBXFileReference; fileEncoding = 4; lastKnownFileType = sourcecode.c.objc; path = "DRS+iheiid.m"; sourceTree = "<group>"; };
		4A2D90582181E37C00371484 /* DRS+datatables.m */ = {isa = PBXFileReference; fileEncoding = 4; lastKnownFileType = sourcecode.c.objc; path = "DRS+datatables.m"; sourceTree = "<group>"; };
		4A2D90592181E37C00371484 /* DRS+datatables.h */ = {isa = PBXFileReference; fileEncoding = 4; lastKnownFileType = sourcecode.c.h; path = "DRS+datatables.h"; sourceTree = "<group>"; };
		4A2D905A2181E37C00371484 /* DRS+wadors.m */ = {isa = PBXFileReference; fileEncoding = 4; lastKnownFileType = sourcecode.c.objc; path = "DRS+wadors.m"; sourceTree = "<group>"; };
		4A2D905B2181E37C00371484 /* DRS+zipped.h */ = {isa = PBXFileReference; fileEncoding = 4; lastKnownFileType = sourcecode.c.h; path = "DRS+zipped.h"; sourceTree = "<group>"; };
		4A2D905C2181E37C00371484 /* DRS+wadors.h */ = {isa = PBXFileReference; fileEncoding = 4; lastKnownFileType = sourcecode.c.h; path = "DRS+wadors.h"; sourceTree = "<group>"; };
		4A2D905D2181E37C00371484 /* DRS+weasis.h */ = {isa = PBXFileReference; fileEncoding = 4; lastKnownFileType = sourcecode.c.h; path = "DRS+weasis.h"; sourceTree = "<group>"; };
		4A2D905E2181E37D00371484 /* DRS+zipped.m */ = {isa = PBXFileReference; fileEncoding = 4; lastKnownFileType = sourcecode.c.objc; path = "DRS+zipped.m"; sourceTree = "<group>"; };
		4A2D905F2181E37D00371484 /* DRS+weasis.m */ = {isa = PBXFileReference; fileEncoding = 4; lastKnownFileType = sourcecode.c.objc; path = "DRS+weasis.m"; sourceTree = "<group>"; };
		4A2D90602181E37D00371484 /* DRS+wado.h */ = {isa = PBXFileReference; fileEncoding = 4; lastKnownFileType = sourcecode.c.h; path = "DRS+wado.h"; sourceTree = "<group>"; };
		4A2D90612181E37D00371484 /* DRS+iheiid.h */ = {isa = PBXFileReference; fileEncoding = 4; lastKnownFileType = sourcecode.c.h; path = "DRS+iheiid.h"; sourceTree = "<group>"; };
		4A2D906E218342F800371484 /* libz.tbd */ = {isa = PBXFileReference; lastKnownFileType = "sourcecode.text-based-dylib-definition"; name = libz.tbd; path = usr/lib/libz.tbd; sourceTree = SDKROOT; };
		4A2D90722183455000371484 /* LFCGzipUtility.m */ = {isa = PBXFileReference; fileEncoding = 4; lastKnownFileType = sourcecode.c.objc; path = LFCGzipUtility.m; sourceTree = "<group>"; };
		4A2D90732183455000371484 /* zlib.h */ = {isa = PBXFileReference; fileEncoding = 4; lastKnownFileType = sourcecode.c.h; path = zlib.h; sourceTree = "<group>"; };
		4A2D90742183455000371484 /* LFCGzipUtility.h */ = {isa = PBXFileReference; fileEncoding = 4; lastKnownFileType = sourcecode.c.h; path = LFCGzipUtility.h; sourceTree = "<group>"; };
		4A2D90752183455000371484 /* zconf.h */ = {isa = PBXFileReference; fileEncoding = 4; lastKnownFileType = sourcecode.c.h; path = zconf.h; sourceTree = "<group>"; };
		4A7A17C72102438400B4E801 /* DRS+pdf.h */ = {isa = PBXFileReference; fileEncoding = 4; lastKnownFileType = sourcecode.c.h; path = "DRS+pdf.h"; sourceTree = "<group>"; };
		4A7A17C82102438400B4E801 /* DRS+pdf.m */ = {isa = PBXFileReference; fileEncoding = 4; lastKnownFileType = sourcecode.c.objc; path = "DRS+pdf.m"; sourceTree = "<group>"; };
		4A7E6CF6210A06DA00D63315 /* NSMutableURLRequest+instance.h */ = {isa = PBXFileReference; fileEncoding = 4; lastKnownFileType = sourcecode.c.h; path = "NSMutableURLRequest+instance.h"; sourceTree = "<group>"; };
		4A7E6CF7210A06DA00D63315 /* NSMutableURLRequest+html5dicom.m */ = {isa = PBXFileReference; fileEncoding = 4; lastKnownFileType = sourcecode.c.objc; path = "NSMutableURLRequest+html5dicom.m"; sourceTree = "<group>"; };
		4A7E6CF8210A06DA00D63315 /* NSMutableURLRequest+enclosed.h */ = {isa = PBXFileReference; fileEncoding = 4; lastKnownFileType = sourcecode.c.h; path = "NSMutableURLRequest+enclosed.h"; sourceTree = "<group>"; };
		4A7E6CF9210A06DA00D63315 /* NSMutableURLRequest+instance.m */ = {isa = PBXFileReference; fileEncoding = 4; lastKnownFileType = sourcecode.c.objc; path = "NSMutableURLRequest+instance.m"; sourceTree = "<group>"; };
		4A7E6CFA210A06DA00D63315 /* NSMutableURLRequest+html5dicom.h */ = {isa = PBXFileReference; fileEncoding = 4; lastKnownFileType = sourcecode.c.h; path = "NSMutableURLRequest+html5dicom.h"; sourceTree = "<group>"; };
		4A7E6CFB210A06DA00D63315 /* NSMutableURLRequest+enclosed.m */ = {isa = PBXFileReference; fileEncoding = 4; lastKnownFileType = sourcecode.c.objc; path = "NSMutableURLRequest+enclosed.m"; sourceTree = "<group>"; };
		4A7E6D02210A0A5900D63315 /* NSMutableURLRequest+patient.m */ = {isa = PBXFileReference; fileEncoding = 4; lastKnownFileType = sourcecode.c.objc; path = "NSMutableURLRequest+patient.m"; sourceTree = "<group>"; };
		4A7E6D03210A0A5900D63315 /* NSMutableURLRequest+patient.h */ = {isa = PBXFileReference; fileEncoding = 4; lastKnownFileType = sourcecode.c.h; path = "NSMutableURLRequest+patient.h"; sourceTree = "<group>"; };
		4A94BE9D208691310009C4AB /* DRS+mwl.h */ = {isa = PBXFileReference; fileEncoding = 4; lastKnownFileType = sourcecode.c.h; path = "DRS+mwl.h"; sourceTree = "<group>"; };
		4A94BE9E208691320009C4AB /* DRS+mwl.m */ = {isa = PBXFileReference; fileEncoding = 4; lastKnownFileType = sourcecode.c.objc; path = "DRS+mwl.m"; sourceTree = "<group>"; };
		4A94BEA2209228E10009C4AB /* NSDictionary+PCS.h */ = {isa = PBXFileReference; lastKnownFileType = sourcecode.c.h; path = "NSDictionary+PCS.h"; sourceTree = "<group>"; };
		4A94BEA3209228E10009C4AB /* NSDictionary+PCS.m */ = {isa = PBXFileReference; lastKnownFileType = sourcecode.c.objc; path = "NSDictionary+PCS.m"; sourceTree = "<group>"; };
		4A96C55E1E843C9E002EB09E /* RFC822.m */ = {isa = PBXFileReference; fileEncoding = 4; lastKnownFileType = sourcecode.c.objc; name = RFC822.m; path = RS/RFC822.m; sourceTree = SOURCE_ROOT; };
		4A96C5601E843CBD002EB09E /* RFC822.h */ = {isa = PBXFileReference; fileEncoding = 4; lastKnownFileType = sourcecode.c.h; name = RFC822.h; path = RS/RFC822.h; sourceTree = SOURCE_ROOT; };
		4AA28D2D1D94569400B223CA /* README.md */ = {isa = PBXFileReference; fileEncoding = 4; lastKnownFileType = net.daringfireball.markdown; path = README.md; sourceTree = "<group>"; };
		4ABF11D21FE5C11B000B8DE6 /* NSString+PCS.m */ = {isa = PBXFileReference; fileEncoding = 4; lastKnownFileType = sourcecode.c.objc; path = "NSString+PCS.m"; sourceTree = "<group>"; };
		4ABF11D41FE5C11B000B8DE6 /* NSData+PCS.h */ = {isa = PBXFileReference; fileEncoding = 4; lastKnownFileType = sourcecode.c.h; path = "NSData+PCS.h"; sourceTree = "<group>"; };
		4ABF11D51FE5C11B000B8DE6 /* NSString+PCS.h */ = {isa = PBXFileReference; fileEncoding = 4; lastKnownFileType = sourcecode.c.h; path = "NSString+PCS.h"; sourceTree = "<group>"; };
		4ABF11D71FE5C11C000B8DE6 /* NSURLComponents+PCS.h */ = {isa = PBXFileReference; fileEncoding = 4; lastKnownFileType = sourcecode.c.h; path = "NSURLComponents+PCS.h"; sourceTree = "<group>"; };
		4ABF11D81FE5C11C000B8DE6 /* NSURLComponents+PCS.m */ = {isa = PBXFileReference; fileEncoding = 4; lastKnownFileType = sourcecode.c.objc; path = "NSURLComponents+PCS.m"; sourceTree = "<group>"; };
		4ABF11D91FE5C11C000B8DE6 /* NSURLSessionDataTask+PCS.m */ = {isa = PBXFileReference; fileEncoding = 4; lastKnownFileType = sourcecode.c.objc; path = "NSURLSessionDataTask+PCS.m"; sourceTree = "<group>"; };
		4ABF11DA1FE5C11C000B8DE6 /* NSData+PCS.m */ = {isa = PBXFileReference; fileEncoding = 4; lastKnownFileType = sourcecode.c.objc; path = "NSData+PCS.m"; sourceTree = "<group>"; };
		4ABF11DB1FE5C11C000B8DE6 /* NSURLSessionDataTask+PCS.h */ = {isa = PBXFileReference; fileEncoding = 4; lastKnownFileType = sourcecode.c.h; path = "NSURLSessionDataTask+PCS.h"; sourceTree = "<group>"; };
		4ABF11E61FE5C13A000B8DE6 /* NSMutableData+DICM.h */ = {isa = PBXFileReference; fileEncoding = 4; lastKnownFileType = sourcecode.c.h; path = "NSMutableData+DICM.h"; sourceTree = "<group>"; };
		4ABF11E71FE5C13B000B8DE6 /* NSUUID+DICM.m */ = {isa = PBXFileReference; fileEncoding = 4; lastKnownFileType = sourcecode.c.objc; path = "NSUUID+DICM.m"; sourceTree = "<group>"; };
		4ABF11E81FE5C13B000B8DE6 /* NSMutableData+DICM.m */ = {isa = PBXFileReference; fileEncoding = 4; lastKnownFileType = sourcecode.c.objc; path = "NSMutableData+DICM.m"; sourceTree = "<group>"; };
		4ABF11E91FE5C13B000B8DE6 /* NSDictionary+DICM.h */ = {isa = PBXFileReference; fileEncoding = 4; lastKnownFileType = sourcecode.c.h; path = "NSDictionary+DICM.h"; sourceTree = "<group>"; };
		4ABF11EA1FE5C13B000B8DE6 /* NSDictionary+DICM.m */ = {isa = PBXFileReference; fileEncoding = 4; lastKnownFileType = sourcecode.c.objc; path = "NSDictionary+DICM.m"; sourceTree = "<group>"; };
		4ABF11EB1FE5C13B000B8DE6 /* NSUUID+DICM.h */ = {isa = PBXFileReference; fileEncoding = 4; lastKnownFileType = sourcecode.c.h; path = "NSUUID+DICM.h"; sourceTree = "<group>"; };
		4ABF11EC1FE5C13B000B8DE6 /* DICMTypes.h */ = {isa = PBXFileReference; fileEncoding = 4; lastKnownFileType = sourcecode.c.h; path = DICMTypes.h; sourceTree = "<group>"; };
		4ABF11ED1FE5C13B000B8DE6 /* DICMTypes.m */ = {isa = PBXFileReference; fileEncoding = 4; lastKnownFileType = sourcecode.c.objc; path = DICMTypes.m; sourceTree = "<group>"; };
		4ABF11EE1FE5C13B000B8DE6 /* NSMutableDictionary+DICM.h */ = {isa = PBXFileReference; fileEncoding = 4; lastKnownFileType = sourcecode.c.h; path = "NSMutableDictionary+DICM.h"; sourceTree = "<group>"; };
		4ABF11EF1FE5C13B000B8DE6 /* NSMutableDictionary+DICM.m */ = {isa = PBXFileReference; fileEncoding = 4; lastKnownFileType = sourcecode.c.objc; path = "NSMutableDictionary+DICM.m"; sourceTree = "<group>"; };
		4ABF11FB1FE6879C000B8DE6 /* NSMutableString+DSCD.h */ = {isa = PBXFileReference; lastKnownFileType = sourcecode.c.h; path = "NSMutableString+DSCD.h"; sourceTree = "<group>"; };
		4ABF11FC1FE6879C000B8DE6 /* NSMutableString+DSCD.m */ = {isa = PBXFileReference; lastKnownFileType = sourcecode.c.objc; path = "NSMutableString+DSCD.m"; sourceTree = "<group>"; };
		4ABF11FF1FE89412000B8DE6 /* Const.h */ = {isa = PBXFileReference; fileEncoding = 4; lastKnownFileType = sourcecode.c.h; path = Const.h; sourceTree = "<group>"; };
		4ABF12001FE89412000B8DE6 /* Const.m */ = {isa = PBXFileReference; fileEncoding = 4; lastKnownFileType = sourcecode.c.objc; path = Const.m; sourceTree = "<group>"; };
		4ABF12011FE89412000B8DE6 /* iconv.h */ = {isa = PBXFileReference; fileEncoding = 4; lastKnownFileType = sourcecode.c.h; path = iconv.h; sourceTree = "<group>"; };
		4AD38B302062D47200CA1ECC /* K.h */ = {isa = PBXFileReference; lastKnownFileType = sourcecode.c.h; path = K.h; sourceTree = "<group>"; };
		4AD38B312062D47200CA1ECC /* K.m */ = {isa = PBXFileReference; lastKnownFileType = sourcecode.c.objc; path = K.m; sourceTree = "<group>"; };
		4AE49DD92008F1F600B8F321 /* DRS.h */ = {isa = PBXFileReference; lastKnownFileType = sourcecode.c.h; path = DRS.h; sourceTree = "<group>"; };
		4AE49DDA2008F1F600B8F321 /* DRS.m */ = {isa = PBXFileReference; lastKnownFileType = sourcecode.c.objc; path = DRS.m; sourceTree = "<group>"; };
		4AE49DE12009987800B8F321 /* DRS+functions.h */ = {isa = PBXFileReference; lastKnownFileType = sourcecode.c.h; path = "DRS+functions.h"; sourceTree = "<group>"; };
		4AE49DE22009987800B8F321 /* DRS+functions.m */ = {isa = PBXFileReference; lastKnownFileType = sourcecode.c.objc; path = "DRS+functions.m"; sourceTree = "<group>"; };
		4AE49DE52009D11800B8F321 /* ODLog.m */ = {isa = PBXFileReference; lastKnownFileType = sourcecode.c.objc; path = ODLog.m; sourceTree = "<group>"; };
		4AE49DF0200D153000B8F321 /* DRS+pacs.h */ = {isa = PBXFileReference; lastKnownFileType = sourcecode.c.h; path = "DRS+pacs.h"; sourceTree = "<group>"; };
		4AE49DF1200D153000B8F321 /* DRS+pacs.m */ = {isa = PBXFileReference; lastKnownFileType = sourcecode.c.objc; path = "DRS+pacs.m"; sourceTree = "<group>"; };
		4AE49DF8200F66AC00B8F321 /* NSMutableURLRequest+MWL.h */ = {isa = PBXFileReference; fileEncoding = 4; lastKnownFileType = sourcecode.c.h; path = "NSMutableURLRequest+MWL.h"; sourceTree = "<group>"; };
		4AE49DF9200F66AC00B8F321 /* NSMutableURLRequest+MWL.m */ = {isa = PBXFileReference; fileEncoding = 4; lastKnownFileType = sourcecode.c.objc; path = "NSMutableURLRequest+MWL.m"; sourceTree = "<group>"; };
/* End PBXFileReference section */

/* Begin PBXFrameworksBuildPhase section */
		2A31F5DF1C87295A00A78C7C /* Frameworks */ = {
			isa = PBXFrameworksBuildPhase;
			buildActionMask = 2147483647;
			files = (
				4A2D906F218342F800371484 /* libz.tbd in Frameworks */,
			);
			runOnlyForDeploymentPostprocessing = 0;
		};
/* End PBXFrameworksBuildPhase section */

/* Begin PBXGroup section */
		2A31F5D91C87295A00A78C7C = {
			isa = PBXGroup;
			children = (
				4AA28D2D1D94569400B223CA /* README.md */,
				4A07FB6B21F5FB3A00007B8B /* INSTALL.md */,
				4A07FB6C21F5FB3A00007B8B /* LICENSE.md */,
				4A2D90522180335600371484 /* doc */,
				4A2D9051218030A200371484 /* deploy */,
				4A0FDF1F1E904E5C001E3426 /* main.m */,
				4A0E60431E81C01B005D7F2B /* ODLog.h */,
				4AE49DE52009D11800B8F321 /* ODLog.m */,
				4AD38B302062D47200CA1ECC /* K.h */,
				4AD38B312062D47200CA1ECC /* K.m */,
				4ABF11FA1FE6875B000B8DE6 /* DSCD */,
				4ABF11C41FE5BD5A000B8DE6 /* PCS */,
				4ABF11C31FE5BD14000B8DE6 /* DICM */,
				4A2D90712183455000371484 /* ZIP */,
				4A19C9171E8F15B700DDD35D /* RS */,
				4AE49DEF2009E3F200B8F321 /* DRS */,
				2A31F5E41C87295A00A78C7C /* Frameworks */,
				2A31F5E31C87295A00A78C7C /* Products */,
				4A2D905021802EDC00371484 /* test */,
			);
			sourceTree = "<group>";
		};
		2A31F5E31C87295A00A78C7C /* Products */ = {
			isa = PBXGroup;
			children = (
				2A31F5E21C87295A00A78C7C /* httpdicom */,
			);
			name = Products;
			sourceTree = "<group>";
		};
		2A31F5E41C87295A00A78C7C /* Frameworks */ = {
			isa = PBXGroup;
			children = (
				4A2D906E218342F800371484 /* libz.tbd */,
				2A31F5E51C87295A00A78C7C /* Foundation.framework */,
			);
			name = Frameworks;
			sourceTree = "<group>";
		};
		4A07FB6721F24EF900007B8B /* APath */ = {
			isa = PBXGroup;
			children = (
				4A2D905D2181E37C00371484 /* DRS+weasis.h */,
				4A2D905F2181E37D00371484 /* DRS+weasis.m */,
				4A2D90592181E37C00371484 /* DRS+datatables.h */,
				4A2D90582181E37C00371484 /* DRS+datatables.m */,
				4A2D90612181E37D00371484 /* DRS+iheiid.h */,
				4A2D90572181E37C00371484 /* DRS+iheiid.m */,
			);
			path = APath;
			sourceTree = "<group>";
		};
		4A07FB6821F24F2700007B8B /* GET */ = {
			isa = PBXGroup;
			children = (
				4A2D90602181E37D00371484 /* DRS+wado.h */,
				4A2D90562181E37C00371484 /* DRS+wado.m */,
				4A2D905C2181E37C00371484 /* DRS+wadors.h */,
				4A2D905A2181E37C00371484 /* DRS+wadors.m */,
				4A2D905B2181E37C00371484 /* DRS+zipped.h */,
				4A2D905E2181E37D00371484 /* DRS+zipped.m */,
			);
			path = GET;
			sourceTree = "<group>";
		};
		4A07FB6921F24F9300007B8B /* POST */ = {
			isa = PBXGroup;
			children = (
				4A94BE9D208691310009C4AB /* DRS+mwl.h */,
				4A94BE9E208691320009C4AB /* DRS+mwl.m */,
				4A7A17C72102438400B4E801 /* DRS+pdf.h */,
				4A7A17C82102438400B4E801 /* DRS+pdf.m */,
			);
			path = POST;
			sourceTree = "<group>";
		};
		4A0FDF2B1E91078C001E3426 /* Response */ = {
			isa = PBXGroup;
			children = (
				4A0FDF2E1E91078C001E3426 /* RSBodyReaderProtocol.h */,
				4A0FDF311E91078C001E3426 /* RSResponse.h */,
				4A0FDF321E91078C001E3426 /* RSResponse.m */,
				4A0FDF2C1E91078C001E3426 /* RSBodyEncoder.h */,
				4A0FDF2D1E91078C001E3426 /* RSBodyEncoder.m */,
				4A0FDF2F1E91078C001E3426 /* RSGZipEncoder.h */,
				4A0FDF301E91078C001E3426 /* RSGZipEncoder.m */,
				4A0FDF331E91078C001E3426 /* Responses */,
			);
			path = Response;
			sourceTree = "<group>";
		};
		4A0FDF331E91078C001E3426 /* Responses */ = {
			isa = PBXGroup;
			children = (
				4A0FDF341E91078C001E3426 /* RSDataResponse.h */,
				4A0FDF351E91078C001E3426 /* RSDataResponse.m */,
				4A0FDF361E91078C001E3426 /* RSErrorResponse.h */,
				4A0FDF371E91078C001E3426 /* RSErrorResponse.m */,
				4A0FDF381E91078C001E3426 /* RSFileResponse.h */,
				4A0FDF391E91078C001E3426 /* RSFileResponse.m */,
				4A0FDF3A1E91078C001E3426 /* RSStreamedResponse.h */,
				4A0FDF3B1E91078C001E3426 /* RSStreamedResponse.m */,
			);
			path = Responses;
			sourceTree = "<group>";
		};
		4A0FDF571E9109EB001E3426 /* Request */ = {
			isa = PBXGroup;
			children = (
				4A0FDF581E9109EB001E3426 /* RSBodyWriterProtocol.h */,
				4A0FDF591E9109EB001E3426 /* RSRequest.h */,
				4A0FDF5A1E9109EB001E3426 /* RSRequest.m */,
				4A0FDF5E1E910C1D001E3426 /* RSBodyDecoder.h */,
				4A0FDF5F1E910C1D001E3426 /* RSBodyDecoder.m */,
				4A0FDF601E910C1D001E3426 /* RSGZipDecoder.h */,
				4A0FDF611E910C1D001E3426 /* RSGZipDecoder.m */,
			);
			path = Request;
			sourceTree = "<group>";
		};
		4A19C9171E8F15B700DDD35D /* RS */ = {
			isa = PBXGroup;
			children = (
				4A0FDF571E9109EB001E3426 /* Request */,
				4A0FDF2B1E91078C001E3426 /* Response */,
				4A0FDF3C1E91078C001E3426 /* RS.h */,
				4A0FDF3D1E91078C001E3426 /* RS.m */,
				4A0FDF3E1E91078C001E3426 /* RSConnection.h */,
				4A0FDF3F1E91078C001E3426 /* RSConnection.m */,
				4A19C9211E8F15B700DDD35D /* RSHandler.h */,
				4A19C9221E8F15B700DDD35D /* RSHandler.m */,
				4A96C55E1E843C9E002EB09E /* RFC822.m */,
				4A96C5601E843CBD002EB09E /* RFC822.h */,
			);
			path = RS;
			sourceTree = "<group>";
		};
		4A2D90712183455000371484 /* ZIP */ = {
			isa = PBXGroup;
			children = (
				4A2D90722183455000371484 /* LFCGzipUtility.m */,
				4A2D90732183455000371484 /* zlib.h */,
				4A2D90742183455000371484 /* LFCGzipUtility.h */,
				4A2D90752183455000371484 /* zconf.h */,
			);
			path = ZIP;
			sourceTree = "<group>";
		};
		4A94BE94208627AD0009C4AB /* URLRequest */ = {
			isa = PBXGroup;
			children = (
				4A07FB6421F2235B00007B8B /* NSMutableURLRequest+studies.h */,
				4A07FB6321F2235B00007B8B /* NSMutableURLRequest+studies.m */,
				4A7E6D03210A0A5900D63315 /* NSMutableURLRequest+patient.h */,
				4A7E6D02210A0A5900D63315 /* NSMutableURLRequest+patient.m */,
				4A7E6CF8210A06DA00D63315 /* NSMutableURLRequest+enclosed.h */,
				4A7E6CFB210A06DA00D63315 /* NSMutableURLRequest+enclosed.m */,
				4A7E6CFA210A06DA00D63315 /* NSMutableURLRequest+html5dicom.h */,
				4A7E6CF7210A06DA00D63315 /* NSMutableURLRequest+html5dicom.m */,
				4A7E6CF6210A06DA00D63315 /* NSMutableURLRequest+instance.h */,
				4A7E6CF9210A06DA00D63315 /* NSMutableURLRequest+instance.m */,
				4AE49DF8200F66AC00B8F321 /* NSMutableURLRequest+MWL.h */,
				4AE49DF9200F66AC00B8F321 /* NSMutableURLRequest+MWL.m */,
			);
			path = URLRequest;
			sourceTree = "<group>";
		};
		4ABF11C31FE5BD14000B8DE6 /* DICM */ = {
			isa = PBXGroup;
			children = (
				4ABF11FF1FE89412000B8DE6 /* Const.h */,
				4ABF12001FE89412000B8DE6 /* Const.m */,
				4ABF12011FE89412000B8DE6 /* iconv.h */,
				4ABF11EC1FE5C13B000B8DE6 /* DICMTypes.h */,
				4ABF11ED1FE5C13B000B8DE6 /* DICMTypes.m */,
				4ABF11E91FE5C13B000B8DE6 /* NSDictionary+DICM.h */,
				4ABF11EA1FE5C13B000B8DE6 /* NSDictionary+DICM.m */,
				4ABF11E61FE5C13A000B8DE6 /* NSMutableData+DICM.h */,
				4ABF11E81FE5C13B000B8DE6 /* NSMutableData+DICM.m */,
				4ABF11EE1FE5C13B000B8DE6 /* NSMutableDictionary+DICM.h */,
				4ABF11EF1FE5C13B000B8DE6 /* NSMutableDictionary+DICM.m */,
				4ABF11EB1FE5C13B000B8DE6 /* NSUUID+DICM.h */,
				4ABF11E71FE5C13B000B8DE6 /* NSUUID+DICM.m */,
			);
			path = DICM;
			sourceTree = "<group>";
		};
		4ABF11C41FE5BD5A000B8DE6 /* PCS */ = {
			isa = PBXGroup;
			children = (
				4ABF11D41FE5C11B000B8DE6 /* NSData+PCS.h */,
				4ABF11DA1FE5C11C000B8DE6 /* NSData+PCS.m */,
				4ABF11D51FE5C11B000B8DE6 /* NSString+PCS.h */,
				4ABF11D21FE5C11B000B8DE6 /* NSString+PCS.m */,
				4ABF11D71FE5C11C000B8DE6 /* NSURLComponents+PCS.h */,
				4ABF11D81FE5C11C000B8DE6 /* NSURLComponents+PCS.m */,
				4ABF11DB1FE5C11C000B8DE6 /* NSURLSessionDataTask+PCS.h */,
				4ABF11D91FE5C11C000B8DE6 /* NSURLSessionDataTask+PCS.m */,
				4A94BEA2209228E10009C4AB /* NSDictionary+PCS.h */,
				4A94BEA3209228E10009C4AB /* NSDictionary+PCS.m */,
			);
			path = PCS;
			sourceTree = "<group>";
		};
		4ABF11FA1FE6875B000B8DE6 /* DSCD */ = {
			isa = PBXGroup;
			children = (
				4ABF11FB1FE6879C000B8DE6 /* NSMutableString+DSCD.h */,
				4ABF11FC1FE6879C000B8DE6 /* NSMutableString+DSCD.m */,
			);
			path = DSCD;
			sourceTree = "<group>";
		};
		4AE49DEF2009E3F200B8F321 /* DRS */ = {
			isa = PBXGroup;
			children = (
				4A07FB6721F24EF900007B8B /* APath */,
				4A07FB6821F24F2700007B8B /* GET */,
				4A07FB6921F24F9300007B8B /* POST */,
				4AE49DD92008F1F600B8F321 /* DRS.h */,
				4AE49DDA2008F1F600B8F321 /* DRS.m */,
				4A94BE94208627AD0009C4AB /* URLRequest */,
				4AE49DE12009987800B8F321 /* DRS+functions.h */,
				4AE49DE22009987800B8F321 /* DRS+functions.m */,
				4AE49DF0200D153000B8F321 /* DRS+pacs.h */,
				4AE49DF1200D153000B8F321 /* DRS+pacs.m */,
			);
			path = DRS;
			sourceTree = "<group>";
		};
/* End PBXGroup section */

/* Begin PBXHeadersBuildPhase section */
		2A31F5F71C872E4300A78C7C /* Headers */ = {
			isa = PBXHeadersBuildPhase;
			buildActionMask = 2147483647;
			files = (
				4A0FDF641E910C1D001E3426 /* RSGZipDecoder.h in Headers */,
				4ABF11F01FE5C13B000B8DE6 /* NSMutableData+DICM.h in Headers */,
				4A0FDF451E91078C001E3426 /* RSGZipEncoder.h in Headers */,
				4A2D906C2181E37D00371484 /* DRS+wado.h in Headers */,
				4AE49DF2200D153000B8F321 /* DRS+pacs.h in Headers */,
				4A0FDF471E91078C001E3426 /* RSResponse.h in Headers */,
				4AE49DDB2008F1F600B8F321 /* DRS.h in Headers */,
				4A0E60441E81C01B005D7F2B /* ODLog.h in Headers */,
				4ABF11F81FE5C13B000B8DE6 /* NSMutableDictionary+DICM.h in Headers */,
				4A2D906D2181E37D00371484 /* DRS+iheiid.h in Headers */,
				4A0FDF491E91078C001E3426 /* RSDataResponse.h in Headers */,
				4ABF11E51FE5C11C000B8DE6 /* NSURLSessionDataTask+PCS.h in Headers */,
				4A2D90682181E37D00371484 /* DRS+wadors.h in Headers */,
				4ABF12021FE89413000B8DE6 /* Const.h in Headers */,
				4A19C9341E8F15B700DDD35D /* RSHandler.h in Headers */,
				4A7E6CFC210A06DA00D63315 /* NSMutableURLRequest+instance.h in Headers */,
				4A2D90652181E37D00371484 /* DRS+datatables.h in Headers */,
				4A7A17C92102438400B4E801 /* DRS+pdf.h in Headers */,
				4ABF11DF1FE5C11C000B8DE6 /* NSString+PCS.h in Headers */,
				4A96C5611E843CBD002EB09E /* RFC822.h in Headers */,
				4A0FDF4F1E91078C001E3426 /* RSStreamedResponse.h in Headers */,
				4ABF11F61FE5C13B000B8DE6 /* DICMTypes.h in Headers */,
				4A0FDF421E91078C001E3426 /* RSBodyEncoder.h in Headers */,
				4A7E6D05210A0A5A00D63315 /* NSMutableURLRequest+patient.h in Headers */,
				4AE49DE32009987800B8F321 /* DRS+functions.h in Headers */,
				4A0FDF4D1E91078C001E3426 /* RSFileResponse.h in Headers */,
				4ABF11F51FE5C13B000B8DE6 /* NSUUID+DICM.h in Headers */,
				4A0FDF511E91078C001E3426 /* RS.h in Headers */,
				4A0FDF531E91078C001E3426 /* RSConnection.h in Headers */,
				4A2D90772183455100371484 /* zlib.h in Headers */,
				4A0FDF621E910C1D001E3426 /* RSBodyDecoder.h in Headers */,
				4A94BEA4209228E10009C4AB /* NSDictionary+PCS.h in Headers */,
				4A7E6CFE210A06DA00D63315 /* NSMutableURLRequest+enclosed.h in Headers */,
				4A0FDF441E91078C001E3426 /* RSBodyReaderProtocol.h in Headers */,
				4ABF11FD1FE6879C000B8DE6 /* NSMutableString+DSCD.h in Headers */,
				4ABF11DE1FE5C11C000B8DE6 /* NSData+PCS.h in Headers */,
				4AD38B322062D47200CA1ECC /* K.h in Headers */,
				4A0FDF5C1E9109EB001E3426 /* RSRequest.h in Headers */,
				4A94BE9F208691320009C4AB /* DRS+mwl.h in Headers */,
				4A2D90792183455100371484 /* zconf.h in Headers */,
				4A0FDF5B1E9109EB001E3426 /* RSBodyWriterProtocol.h in Headers */,
				4ABF11F31FE5C13B000B8DE6 /* NSDictionary+DICM.h in Headers */,
				4A0FDF4B1E91078C001E3426 /* RSErrorResponse.h in Headers */,
				4ABF12041FE89413000B8DE6 /* iconv.h in Headers */,
				4A2D90672181E37D00371484 /* DRS+zipped.h in Headers */,
				4AE49DFA200F66AC00B8F321 /* NSMutableURLRequest+MWL.h in Headers */,
				4A2D90782183455100371484 /* LFCGzipUtility.h in Headers */,
				4A2D90692181E37D00371484 /* DRS+weasis.h in Headers */,
				4ABF11E11FE5C11C000B8DE6 /* NSURLComponents+PCS.h in Headers */,
				4A7E6D00210A06DA00D63315 /* NSMutableURLRequest+html5dicom.h in Headers */,
				4A07FB6621F2235B00007B8B /* NSMutableURLRequest+studies.h in Headers */,
			);
			runOnlyForDeploymentPostprocessing = 0;
		};
/* End PBXHeadersBuildPhase section */

/* Begin PBXNativeTarget section */
		2A31F5E11C87295A00A78C7C /* httpdicom */ = {
			isa = PBXNativeTarget;
			buildConfigurationList = 2A31F5F01C87295A00A78C7C /* Build configuration list for PBXNativeTarget "httpdicom" */;
			buildPhases = (
				2A31F5F71C872E4300A78C7C /* Headers */,
				2A31F5DE1C87295A00A78C7C /* Sources */,
				2A31F5DF1C87295A00A78C7C /* Frameworks */,
				2A31F5E01C87295A00A78C7C /* CopyFiles */,
			);
			buildRules = (
			);
			dependencies = (
			);
			name = httpdicom;
			productName = BIRproxy;
			productReference = 2A31F5E21C87295A00A78C7C /* httpdicom */;
			productType = "com.apple.product-type.tool";
		};
/* End PBXNativeTarget section */

/* Begin PBXProject section */
		2A31F5DA1C87295A00A78C7C /* Project object */ = {
			isa = PBXProject;
			attributes = {
				LastUpgradeCheck = 1010;
				ORGANIZATIONNAME = ridi.salud.uy;
			};
			buildConfigurationList = 2A31F5DD1C87295A00A78C7C /* Build configuration list for PBXProject "httpdicom" */;
			compatibilityVersion = "Xcode 3.2";
			developmentRegion = English;
			hasScannedForEncodings = 0;
			knownRegions = (
				en,
			);
			mainGroup = 2A31F5D91C87295A00A78C7C;
			productRefGroup = 2A31F5E31C87295A00A78C7C /* Products */;
			projectDirPath = "";
			projectRoot = "";
			targets = (
				2A31F5E11C87295A00A78C7C /* httpdicom */,
			);
		};
/* End PBXProject section */

/* Begin PBXSourcesBuildPhase section */
		2A31F5DE1C87295A00A78C7C /* Sources */ = {
			isa = PBXSourcesBuildPhase;
			buildActionMask = 2147483647;
			files = (
				4A2D90762183455100371484 /* LFCGzipUtility.m in Sources */,
				4A0FDF461E91078C001E3426 /* RSGZipEncoder.m in Sources */,
				4A19C9351E8F15B700DDD35D /* RSHandler.m in Sources */,
				4ABF11DC1FE5C11C000B8DE6 /* NSString+PCS.m in Sources */,
				4AE49DF3200D153000B8F321 /* DRS+pacs.m in Sources */,
				4A2D90622181E37D00371484 /* DRS+wado.m in Sources */,
				4A0FDF4C1E91078C001E3426 /* RSErrorResponse.m in Sources */,
				4A7E6CFD210A06DA00D63315 /* NSMutableURLRequest+html5dicom.m in Sources */,
				4A2D906B2181E37D00371484 /* DRS+weasis.m in Sources */,
				4A0FDF4A1E91078C001E3426 /* RSDataResponse.m in Sources */,
				4A0FDF4E1E91078C001E3426 /* RSFileResponse.m in Sources */,
				4ABF11F71FE5C13B000B8DE6 /* DICMTypes.m in Sources */,
				4AD38B332062D47200CA1ECC /* K.m in Sources */,
				4A0FDF651E910C1D001E3426 /* RSGZipDecoder.m in Sources */,
				4ABF12031FE89413000B8DE6 /* Const.m in Sources */,
				4A0FDF521E91078C001E3426 /* RS.m in Sources */,
				4A2D90642181E37D00371484 /* DRS+datatables.m in Sources */,
				4A0FDF501E91078C001E3426 /* RSStreamedResponse.m in Sources */,
				4A0FDF481E91078C001E3426 /* RSResponse.m in Sources */,
				4ABF11FE1FE6879C000B8DE6 /* NSMutableString+DSCD.m in Sources */,
				4A0FDF201E904E5C001E3426 /* main.m in Sources */,
				4A2D906A2181E37D00371484 /* DRS+zipped.m in Sources */,
				4A0FDF5D1E9109EB001E3426 /* RSRequest.m in Sources */,
				4A2D90632181E37D00371484 /* DRS+iheiid.m in Sources */,
				4A0FDF631E910C1D001E3426 /* RSBodyDecoder.m in Sources */,
				4A0FDF431E91078C001E3426 /* RSBodyEncoder.m in Sources */,
				4A96C55F1E843C9E002EB09E /* RFC822.m in Sources */,
				4ABF11F41FE5C13B000B8DE6 /* NSDictionary+DICM.m in Sources */,
				4A7E6D04210A0A5A00D63315 /* NSMutableURLRequest+patient.m in Sources */,
				4A0FDF541E91078C001E3426 /* RSConnection.m in Sources */,
				4A7E6CFF210A06DA00D63315 /* NSMutableURLRequest+instance.m in Sources */,
				4AE49DFB200F66AC00B8F321 /* NSMutableURLRequest+MWL.m in Sources */,
				4A07FB6521F2235B00007B8B /* NSMutableURLRequest+studies.m in Sources */,
				4ABF11F91FE5C13B000B8DE6 /* NSMutableDictionary+DICM.m in Sources */,
				4A2D90662181E37D00371484 /* DRS+wadors.m in Sources */,
				4A94BEA0208691320009C4AB /* DRS+mwl.m in Sources */,
				4ABF11E41FE5C11C000B8DE6 /* NSData+PCS.m in Sources */,
				4AE49DE62009D11800B8F321 /* ODLog.m in Sources */,
				4AE49DE42009987800B8F321 /* DRS+functions.m in Sources */,
				4ABF11F21FE5C13B000B8DE6 /* NSMutableData+DICM.m in Sources */,
				4A7A17CA2102438400B4E801 /* DRS+pdf.m in Sources */,
				4AE49DDC2008F1F600B8F321 /* DRS.m in Sources */,
				4A94BEA5209228E10009C4AB /* NSDictionary+PCS.m in Sources */,
				4ABF11E31FE5C11C000B8DE6 /* NSURLSessionDataTask+PCS.m in Sources */,
				4A7E6D01210A06DA00D63315 /* NSMutableURLRequest+enclosed.m in Sources */,
				4ABF11F11FE5C13B000B8DE6 /* NSUUID+DICM.m in Sources */,
				4ABF11E21FE5C11C000B8DE6 /* NSURLComponents+PCS.m in Sources */,
			);
			runOnlyForDeploymentPostprocessing = 0;
		};
/* End PBXSourcesBuildPhase section */

/* Begin XCBuildConfiguration section */
		2A31F5EE1C87295A00A78C7C /* Debug */ = {
			isa = XCBuildConfiguration;
			buildSettings = {
				ALWAYS_SEARCH_USER_PATHS = NO;
				CLANG_CXX_LANGUAGE_STANDARD = "gnu++0x";
				CLANG_CXX_LIBRARY = "libc++";
				CLANG_ENABLE_MODULES = YES;
				CLANG_ENABLE_OBJC_ARC = YES;
				CLANG_WARN_BLOCK_CAPTURE_AUTORELEASING = YES;
				CLANG_WARN_BOOL_CONVERSION = YES;
				CLANG_WARN_COMMA = YES;
				CLANG_WARN_CONSTANT_CONVERSION = YES;
				CLANG_WARN_DEPRECATED_OBJC_IMPLEMENTATIONS = YES;
				CLANG_WARN_DIRECT_OBJC_ISA_USAGE = YES_ERROR;
				CLANG_WARN_EMPTY_BODY = YES;
				CLANG_WARN_ENUM_CONVERSION = YES;
				CLANG_WARN_INFINITE_RECURSION = YES;
				CLANG_WARN_INT_CONVERSION = YES;
				CLANG_WARN_NON_LITERAL_NULL_CONVERSION = YES;
				CLANG_WARN_OBJC_IMPLICIT_RETAIN_SELF = YES;
				CLANG_WARN_OBJC_LITERAL_CONVERSION = YES;
				CLANG_WARN_OBJC_ROOT_CLASS = YES_ERROR;
				CLANG_WARN_RANGE_LOOP_ANALYSIS = YES;
				CLANG_WARN_STRICT_PROTOTYPES = YES;
				CLANG_WARN_SUSPICIOUS_MOVE = YES;
				CLANG_WARN_UNREACHABLE_CODE = YES;
				CLANG_WARN__DUPLICATE_METHOD_MATCH = YES;
				COPY_PHASE_STRIP = NO;
				ENABLE_STRICT_OBJC_MSGSEND = YES;
				ENABLE_TESTABILITY = YES;
				GCC_C_LANGUAGE_STANDARD = gnu99;
				GCC_DYNAMIC_NO_PIC = NO;
				GCC_ENABLE_OBJC_EXCEPTIONS = YES;
				GCC_NO_COMMON_BLOCKS = YES;
				GCC_OPTIMIZATION_LEVEL = 0;
				GCC_PREPROCESSOR_DEFINITIONS = (
					"DEBUG=1",
					"$(inherited)",
				);
				GCC_SYMBOLS_PRIVATE_EXTERN = NO;
				GCC_WARN_64_TO_32_BIT_CONVERSION = YES;
				GCC_WARN_ABOUT_RETURN_TYPE = YES_ERROR;
				GCC_WARN_UNDECLARED_SELECTOR = YES;
				GCC_WARN_UNINITIALIZED_AUTOS = YES_AGGRESSIVE;
				GCC_WARN_UNUSED_FUNCTION = YES;
				GCC_WARN_UNUSED_VARIABLE = YES;
				MACOSX_DEPLOYMENT_TARGET = 10.11;
				ONLY_ACTIVE_ARCH = YES;
				SDKROOT = macosx;
			};
			name = Debug;
		};
		2A31F5EF1C87295A00A78C7C /* Release */ = {
			isa = XCBuildConfiguration;
			buildSettings = {
				ALWAYS_SEARCH_USER_PATHS = NO;
				CLANG_CXX_LANGUAGE_STANDARD = "gnu++0x";
				CLANG_CXX_LIBRARY = "libc++";
				CLANG_ENABLE_MODULES = YES;
				CLANG_ENABLE_OBJC_ARC = YES;
				CLANG_WARN_BLOCK_CAPTURE_AUTORELEASING = YES;
				CLANG_WARN_BOOL_CONVERSION = YES;
				CLANG_WARN_COMMA = YES;
				CLANG_WARN_CONSTANT_CONVERSION = YES;
				CLANG_WARN_DEPRECATED_OBJC_IMPLEMENTATIONS = YES;
				CLANG_WARN_DIRECT_OBJC_ISA_USAGE = YES_ERROR;
				CLANG_WARN_EMPTY_BODY = YES;
				CLANG_WARN_ENUM_CONVERSION = YES;
				CLANG_WARN_INFINITE_RECURSION = YES;
				CLANG_WARN_INT_CONVERSION = YES;
				CLANG_WARN_NON_LITERAL_NULL_CONVERSION = YES;
				CLANG_WARN_OBJC_IMPLICIT_RETAIN_SELF = YES;
				CLANG_WARN_OBJC_LITERAL_CONVERSION = YES;
				CLANG_WARN_OBJC_ROOT_CLASS = YES_ERROR;
				CLANG_WARN_RANGE_LOOP_ANALYSIS = YES;
				CLANG_WARN_STRICT_PROTOTYPES = YES;
				CLANG_WARN_SUSPICIOUS_MOVE = YES;
				CLANG_WARN_UNREACHABLE_CODE = YES;
				CLANG_WARN__DUPLICATE_METHOD_MATCH = YES;
				COPY_PHASE_STRIP = YES;
				DEBUG_INFORMATION_FORMAT = "dwarf-with-dsym";
				ENABLE_NS_ASSERTIONS = NO;
				ENABLE_STRICT_OBJC_MSGSEND = YES;
				GCC_C_LANGUAGE_STANDARD = gnu99;
				GCC_ENABLE_OBJC_EXCEPTIONS = YES;
				GCC_NO_COMMON_BLOCKS = YES;
				GCC_WARN_64_TO_32_BIT_CONVERSION = YES;
				GCC_WARN_ABOUT_RETURN_TYPE = YES_ERROR;
				GCC_WARN_UNDECLARED_SELECTOR = YES;
				GCC_WARN_UNINITIALIZED_AUTOS = YES_AGGRESSIVE;
				GCC_WARN_UNUSED_FUNCTION = YES;
				GCC_WARN_UNUSED_VARIABLE = YES;
				MACOSX_DEPLOYMENT_TARGET = 10.11;
				SDKROOT = macosx;
			};
			name = Release;
		};
		2A31F5F11C87295A00A78C7C /* Debug */ = {
			isa = XCBuildConfiguration;
			buildSettings = {
				DEBUG_INFORMATION_FORMAT = "dwarf-with-dsym";
				DEPLOYMENT_LOCATION = YES;
				DEPLOYMENT_POSTPROCESSING = YES;
				DSTROOT = "";
				GCC_PRECOMPILE_PREFIX_HEADER = NO;
				GCC_PREFIX_HEADER = "";
				HEADER_SEARCH_PATHS = (
					"$(inherited)",
					/Applications/Xcode.app/Contents/Developer/Toolchains/XcodeDefault.xctoolchain/usr/include,
					"$(SDKROOT)/usr/include/libxml2",
				);
				INSTALL_PATH = /local/httpdicom;
				LIBRARY_SEARCH_PATHS = "$(inherited)";
				MACOSX_DEPLOYMENT_TARGET = 10.11;
				PRODUCT_NAME = httpdicom;
				VALID_ARCHS = x86_64;
			};
			name = Debug;
		};
		2A31F5F21C87295A00A78C7C /* Release */ = {
			isa = XCBuildConfiguration;
			buildSettings = {
				DEPLOYMENT_LOCATION = YES;
				DEPLOYMENT_POSTPROCESSING = YES;
				DSTROOT = "";
				GCC_PRECOMPILE_PREFIX_HEADER = NO;
				GCC_PREFIX_HEADER = "";
				HEADER_SEARCH_PATHS = (
					"$(inherited)",
					/Applications/Xcode.app/Contents/Developer/Toolchains/XcodeDefault.xctoolchain/usr/include,
					"$(SDKROOT)/usr/include/libxml2",
				);
				INSTALL_PATH = /local/httpdicom;
				LIBRARY_SEARCH_PATHS = "$(inherited)";
				MACOSX_DEPLOYMENT_TARGET = 10.11;
				ONLY_ACTIVE_ARCH = YES;
				PRODUCT_NAME = httpdicom;
				VALID_ARCHS = x86_64;
			};
			name = Release;
		};
/* End XCBuildConfiguration section */

/* Begin XCConfigurationList section */
		2A31F5DD1C87295A00A78C7C /* Build configuration list for PBXProject "httpdicom" */ = {
			isa = XCConfigurationList;
			buildConfigurations = (
				2A31F5EE1C87295A00A78C7C /* Debug */,
				2A31F5EF1C87295A00A78C7C /* Release */,
			);
			defaultConfigurationIsVisible = 0;
			defaultConfigurationName = Release;
		};
		2A31F5F01C87295A00A78C7C /* Build configuration list for PBXNativeTarget "httpdicom" */ = {
			isa = XCConfigurationList;
			buildConfigurations = (
				2A31F5F11C87295A00A78C7C /* Debug */,
				2A31F5F21C87295A00A78C7C /* Release */,
			);
			defaultConfigurationIsVisible = 0;
			defaultConfigurationName = Release;
		};
/* End XCConfigurationList section */
	};
	rootObject = 2A31F5DA1C87295A00A78C7C /* Project object */;
}
