// !$*UTF8*$!
{
	archiveVersion = 1;
	classes = {
	};
	objectVersion = 46;
	objects = {

/* Begin PBXBuildFile section */
		2A6C518A1C8DCF7C00424729 /* libz.tbd in Frameworks */ = {isa = PBXBuildFile; fileRef = 2A6C51891C8DCF7C00424729 /* libz.tbd */; };
		4A0E60441E81C01B005D7F2B /* ODLog.h in Headers */ = {isa = PBXBuildFile; fileRef = 4A0E60431E81C01B005D7F2B /* ODLog.h */; };
		4A83466D1DD91B5F008EFF41 /* NSData+PCS.h in Headers */ = {isa = PBXBuildFile; fileRef = 4A8346691DD91B5F008EFF41 /* NSData+PCS.h */; };
		4A83466E1DD91B5F008EFF41 /* NSData+PCS.m in Sources */ = {isa = PBXBuildFile; fileRef = 4A83466A1DD91B5F008EFF41 /* NSData+PCS.m */; };
		4A83466F1DD91B5F008EFF41 /* NSString+PCS.h in Headers */ = {isa = PBXBuildFile; fileRef = 4A83466B1DD91B5F008EFF41 /* NSString+PCS.h */; };
		4A8346701DD91B5F008EFF41 /* NSString+PCS.m in Sources */ = {isa = PBXBuildFile; fileRef = 4A83466C1DD91B5F008EFF41 /* NSString+PCS.m */; };
		4AAB26751D8A42A400401FD5 /* main.m in Sources */ = {isa = PBXBuildFile; fileRef = 4AAB266F1D8A42A400401FD5 /* main.m */; };
		4AAB26761D8A42A400401FD5 /* LFCGzipUtility.m in Sources */ = {isa = PBXBuildFile; fileRef = 4AAB26701D8A42A400401FD5 /* LFCGzipUtility.m */; };
		4AAB26771D8A42A400401FD5 /* zconf.h in Headers */ = {isa = PBXBuildFile; fileRef = 4AAB26711D8A42A400401FD5 /* zconf.h */; };
		4AAB26781D8A42A400401FD5 /* zlib.h in Headers */ = {isa = PBXBuildFile; fileRef = 4AAB26721D8A42A400401FD5 /* zlib.h */; };
		4AAB26791D8A42A400401FD5 /* LFCGzipUtility.h in Headers */ = {isa = PBXBuildFile; fileRef = 4AAB26731D8A42A400401FD5 /* LFCGzipUtility.h */; };
		4ABAF47D1E7B8511003B3217 /* GCDWebServer.h in Headers */ = {isa = PBXBuildFile; fileRef = 4ABAF45F1E7B8511003B3217 /* GCDWebServer.h */; };
		4ABAF47E1E7B8511003B3217 /* GCDWebServer.m in Sources */ = {isa = PBXBuildFile; fileRef = 4ABAF4601E7B8511003B3217 /* GCDWebServer.m */; };
		4ABAF47F1E7B8511003B3217 /* GCDWebServerConnection.h in Headers */ = {isa = PBXBuildFile; fileRef = 4ABAF4611E7B8511003B3217 /* GCDWebServerConnection.h */; };
		4ABAF4801E7B8511003B3217 /* GCDWebServerConnection.m in Sources */ = {isa = PBXBuildFile; fileRef = 4ABAF4621E7B8511003B3217 /* GCDWebServerConnection.m */; };
		4ABAF4811E7B8511003B3217 /* GCDWebServerFunctions.h in Headers */ = {isa = PBXBuildFile; fileRef = 4ABAF4631E7B8511003B3217 /* GCDWebServerFunctions.h */; };
		4ABAF4821E7B8511003B3217 /* GCDWebServerFunctions.m in Sources */ = {isa = PBXBuildFile; fileRef = 4ABAF4641E7B8511003B3217 /* GCDWebServerFunctions.m */; };
		4ABAF4841E7B8511003B3217 /* GCDWebServerPrivate.h in Headers */ = {isa = PBXBuildFile; fileRef = 4ABAF4661E7B8511003B3217 /* GCDWebServerPrivate.h */; };
		4ABAF4851E7B8511003B3217 /* GCDWebServerRequest.h in Headers */ = {isa = PBXBuildFile; fileRef = 4ABAF4671E7B8511003B3217 /* GCDWebServerRequest.h */; };
		4ABAF4861E7B8511003B3217 /* GCDWebServerRequest.m in Sources */ = {isa = PBXBuildFile; fileRef = 4ABAF4681E7B8511003B3217 /* GCDWebServerRequest.m */; };
		4ABAF4871E7B8511003B3217 /* GCDWebServerResponse.h in Headers */ = {isa = PBXBuildFile; fileRef = 4ABAF4691E7B8511003B3217 /* GCDWebServerResponse.h */; };
		4ABAF4881E7B8511003B3217 /* GCDWebServerResponse.m in Sources */ = {isa = PBXBuildFile; fileRef = 4ABAF46A1E7B8511003B3217 /* GCDWebServerResponse.m */; };
		4ABAF4911E7B8511003B3217 /* GCDWebServerDataResponse.h in Headers */ = {isa = PBXBuildFile; fileRef = 4ABAF4751E7B8511003B3217 /* GCDWebServerDataResponse.h */; };
		4ABAF4921E7B8511003B3217 /* GCDWebServerDataResponse.m in Sources */ = {isa = PBXBuildFile; fileRef = 4ABAF4761E7B8511003B3217 /* GCDWebServerDataResponse.m */; };
		4ABAF4931E7B8511003B3217 /* GCDWebServerErrorResponse.h in Headers */ = {isa = PBXBuildFile; fileRef = 4ABAF4771E7B8511003B3217 /* GCDWebServerErrorResponse.h */; };
		4ABAF4941E7B8511003B3217 /* GCDWebServerErrorResponse.m in Sources */ = {isa = PBXBuildFile; fileRef = 4ABAF4781E7B8511003B3217 /* GCDWebServerErrorResponse.m */; };
		4ABAF4951E7B8511003B3217 /* GCDWebServerFileResponse.h in Headers */ = {isa = PBXBuildFile; fileRef = 4ABAF4791E7B8511003B3217 /* GCDWebServerFileResponse.h */; };
		4ABAF4961E7B8511003B3217 /* GCDWebServerFileResponse.m in Sources */ = {isa = PBXBuildFile; fileRef = 4ABAF47A1E7B8511003B3217 /* GCDWebServerFileResponse.m */; };
		4ABAF4971E7B8511003B3217 /* GCDWebServerStreamedResponse.h in Headers */ = {isa = PBXBuildFile; fileRef = 4ABAF47B1E7B8511003B3217 /* GCDWebServerStreamedResponse.h */; };
		4ABAF4981E7B8511003B3217 /* GCDWebServerStreamedResponse.m in Sources */ = {isa = PBXBuildFile; fileRef = 4ABAF47C1E7B8511003B3217 /* GCDWebServerStreamedResponse.m */; };
		4AEF37871DC8D6C800CDA008 /* URLSessionDataTask.h in Headers */ = {isa = PBXBuildFile; fileRef = 4AEF37851DC8D6C800CDA008 /* URLSessionDataTask.h */; };
		4AEF37881DC8D6C800CDA008 /* URLSessionDataTask.m in Sources */ = {isa = PBXBuildFile; fileRef = 4AEF37861DC8D6C800CDA008 /* URLSessionDataTask.m */; };
/* End PBXBuildFile section */

/* Begin PBXCopyFilesBuildPhase section */
		2A31F5E01C87295A00A78C7C /* CopyFiles */ = {
			isa = PBXCopyFilesBuildPhase;
			buildActionMask = 2147483647;
			dstPath = /usr/share/man/man1/;
			dstSubfolderSpec = 0;
			files = (
			);
			runOnlyForDeploymentPostprocessing = 1;
		};
/* End PBXCopyFilesBuildPhase section */

/* Begin PBXFileReference section */
		2A31F5E21C87295A00A78C7C /* httpdicom */ = {isa = PBXFileReference; explicitFileType = "compiled.mach-o.executable"; includeInIndex = 0; path = httpdicom; sourceTree = BUILT_PRODUCTS_DIR; };
		2A31F5E51C87295A00A78C7C /* Foundation.framework */ = {isa = PBXFileReference; lastKnownFileType = wrapper.framework; name = Foundation.framework; path = System/Library/Frameworks/Foundation.framework; sourceTree = SDKROOT; };
		2A6C51891C8DCF7C00424729 /* libz.tbd */ = {isa = PBXFileReference; lastKnownFileType = "sourcecode.text-based-dylib-definition"; name = libz.tbd; path = usr/lib/libz.tbd; sourceTree = SDKROOT; };
		4A0E60431E81C01B005D7F2B /* ODLog.h */ = {isa = PBXFileReference; fileEncoding = 4; lastKnownFileType = sourcecode.c.h; name = ODLog.h; path = httpdicom/ODLog.h; sourceTree = SOURCE_ROOT; };
		4A8346691DD91B5F008EFF41 /* NSData+PCS.h */ = {isa = PBXFileReference; fileEncoding = 4; lastKnownFileType = sourcecode.c.h; name = "NSData+PCS.h"; path = "httpdicom/NSData+PCS.h"; sourceTree = SOURCE_ROOT; };
		4A83466A1DD91B5F008EFF41 /* NSData+PCS.m */ = {isa = PBXFileReference; fileEncoding = 4; lastKnownFileType = sourcecode.c.objc; name = "NSData+PCS.m"; path = "httpdicom/NSData+PCS.m"; sourceTree = SOURCE_ROOT; };
		4A83466B1DD91B5F008EFF41 /* NSString+PCS.h */ = {isa = PBXFileReference; fileEncoding = 4; lastKnownFileType = sourcecode.c.h; name = "NSString+PCS.h"; path = "httpdicom/NSString+PCS.h"; sourceTree = SOURCE_ROOT; };
		4A83466C1DD91B5F008EFF41 /* NSString+PCS.m */ = {isa = PBXFileReference; fileEncoding = 4; lastKnownFileType = sourcecode.c.objc; name = "NSString+PCS.m"; path = "httpdicom/NSString+PCS.m"; sourceTree = SOURCE_ROOT; };
		4AA28D2B1D94532300B223CA /* httpdicom_mini.postman_collection.json */ = {isa = PBXFileReference; fileEncoding = 4; lastKnownFileType = text.json; path = httpdicom_mini.postman_collection.json; sourceTree = "<group>"; };
		4AA28D2C1D94569400B223CA /* LICENSE */ = {isa = PBXFileReference; fileEncoding = 4; lastKnownFileType = text; path = LICENSE; sourceTree = "<group>"; };
		4AA28D2D1D94569400B223CA /* README.md */ = {isa = PBXFileReference; fileEncoding = 4; lastKnownFileType = net.daringfireball.markdown; path = README.md; sourceTree = "<group>"; };
		4AAB266F1D8A42A400401FD5 /* main.m */ = {isa = PBXFileReference; fileEncoding = 4; lastKnownFileType = sourcecode.c.objc; name = main.m; path = httpdicom/main.m; sourceTree = SOURCE_ROOT; };
		4AAB26701D8A42A400401FD5 /* LFCGzipUtility.m */ = {isa = PBXFileReference; fileEncoding = 4; lastKnownFileType = sourcecode.c.objc; name = LFCGzipUtility.m; path = httpdicom/LFCGzipUtility.m; sourceTree = SOURCE_ROOT; };
		4AAB26711D8A42A400401FD5 /* zconf.h */ = {isa = PBXFileReference; fileEncoding = 4; lastKnownFileType = sourcecode.c.h; name = zconf.h; path = httpdicom/zconf.h; sourceTree = SOURCE_ROOT; };
		4AAB26721D8A42A400401FD5 /* zlib.h */ = {isa = PBXFileReference; fileEncoding = 4; lastKnownFileType = sourcecode.c.h; name = zlib.h; path = httpdicom/zlib.h; sourceTree = SOURCE_ROOT; };
		4AAB26731D8A42A400401FD5 /* LFCGzipUtility.h */ = {isa = PBXFileReference; fileEncoding = 4; lastKnownFileType = sourcecode.c.h; name = LFCGzipUtility.h; path = httpdicom/LFCGzipUtility.h; sourceTree = SOURCE_ROOT; };
		4ABAF45F1E7B8511003B3217 /* GCDWebServer.h */ = {isa = PBXFileReference; fileEncoding = 4; lastKnownFileType = sourcecode.c.h; path = GCDWebServer.h; sourceTree = "<group>"; };
		4ABAF4601E7B8511003B3217 /* GCDWebServer.m */ = {isa = PBXFileReference; fileEncoding = 4; lastKnownFileType = sourcecode.c.objc; path = GCDWebServer.m; sourceTree = "<group>"; };
		4ABAF4611E7B8511003B3217 /* GCDWebServerConnection.h */ = {isa = PBXFileReference; fileEncoding = 4; lastKnownFileType = sourcecode.c.h; path = GCDWebServerConnection.h; sourceTree = "<group>"; };
		4ABAF4621E7B8511003B3217 /* GCDWebServerConnection.m */ = {isa = PBXFileReference; fileEncoding = 4; lastKnownFileType = sourcecode.c.objc; path = GCDWebServerConnection.m; sourceTree = "<group>"; };
		4ABAF4631E7B8511003B3217 /* GCDWebServerFunctions.h */ = {isa = PBXFileReference; fileEncoding = 4; lastKnownFileType = sourcecode.c.h; path = GCDWebServerFunctions.h; sourceTree = "<group>"; };
		4ABAF4641E7B8511003B3217 /* GCDWebServerFunctions.m */ = {isa = PBXFileReference; fileEncoding = 4; lastKnownFileType = sourcecode.c.objc; path = GCDWebServerFunctions.m; sourceTree = "<group>"; };
		4ABAF4661E7B8511003B3217 /* GCDWebServerPrivate.h */ = {isa = PBXFileReference; fileEncoding = 4; lastKnownFileType = sourcecode.c.h; path = GCDWebServerPrivate.h; sourceTree = "<group>"; };
		4ABAF4671E7B8511003B3217 /* GCDWebServerRequest.h */ = {isa = PBXFileReference; fileEncoding = 4; lastKnownFileType = sourcecode.c.h; path = GCDWebServerRequest.h; sourceTree = "<group>"; };
		4ABAF4681E7B8511003B3217 /* GCDWebServerRequest.m */ = {isa = PBXFileReference; fileEncoding = 4; lastKnownFileType = sourcecode.c.objc; path = GCDWebServerRequest.m; sourceTree = "<group>"; };
		4ABAF4691E7B8511003B3217 /* GCDWebServerResponse.h */ = {isa = PBXFileReference; fileEncoding = 4; lastKnownFileType = sourcecode.c.h; path = GCDWebServerResponse.h; sourceTree = "<group>"; };
		4ABAF46A1E7B8511003B3217 /* GCDWebServerResponse.m */ = {isa = PBXFileReference; fileEncoding = 4; lastKnownFileType = sourcecode.c.objc; path = GCDWebServerResponse.m; sourceTree = "<group>"; };
		4ABAF4751E7B8511003B3217 /* GCDWebServerDataResponse.h */ = {isa = PBXFileReference; fileEncoding = 4; lastKnownFileType = sourcecode.c.h; path = GCDWebServerDataResponse.h; sourceTree = "<group>"; };
		4ABAF4761E7B8511003B3217 /* GCDWebServerDataResponse.m */ = {isa = PBXFileReference; fileEncoding = 4; lastKnownFileType = sourcecode.c.objc; path = GCDWebServerDataResponse.m; sourceTree = "<group>"; };
		4ABAF4771E7B8511003B3217 /* GCDWebServerErrorResponse.h */ = {isa = PBXFileReference; fileEncoding = 4; lastKnownFileType = sourcecode.c.h; path = GCDWebServerErrorResponse.h; sourceTree = "<group>"; };
		4ABAF4781E7B8511003B3217 /* GCDWebServerErrorResponse.m */ = {isa = PBXFileReference; fileEncoding = 4; lastKnownFileType = sourcecode.c.objc; path = GCDWebServerErrorResponse.m; sourceTree = "<group>"; };
		4ABAF4791E7B8511003B3217 /* GCDWebServerFileResponse.h */ = {isa = PBXFileReference; fileEncoding = 4; lastKnownFileType = sourcecode.c.h; path = GCDWebServerFileResponse.h; sourceTree = "<group>"; };
		4ABAF47A1E7B8511003B3217 /* GCDWebServerFileResponse.m */ = {isa = PBXFileReference; fileEncoding = 4; lastKnownFileType = sourcecode.c.objc; path = GCDWebServerFileResponse.m; sourceTree = "<group>"; };
		4ABAF47B1E7B8511003B3217 /* GCDWebServerStreamedResponse.h */ = {isa = PBXFileReference; fileEncoding = 4; lastKnownFileType = sourcecode.c.h; path = GCDWebServerStreamedResponse.h; sourceTree = "<group>"; };
		4ABAF47C1E7B8511003B3217 /* GCDWebServerStreamedResponse.m */ = {isa = PBXFileReference; fileEncoding = 4; lastKnownFileType = sourcecode.c.objc; path = GCDWebServerStreamedResponse.m; sourceTree = "<group>"; };
		4ABAF4991E7B891B003B3217 /* bin */ = {isa = PBXFileReference; lastKnownFileType = folder; path = bin; sourceTree = "<group>"; };
		4AEF37851DC8D6C800CDA008 /* URLSessionDataTask.h */ = {isa = PBXFileReference; fileEncoding = 4; lastKnownFileType = sourcecode.c.h; name = URLSessionDataTask.h; path = httpdicom/URLSessionDataTask.h; sourceTree = SOURCE_ROOT; };
		4AEF37861DC8D6C800CDA008 /* URLSessionDataTask.m */ = {isa = PBXFileReference; fileEncoding = 4; lastKnownFileType = sourcecode.c.objc; name = URLSessionDataTask.m; path = httpdicom/URLSessionDataTask.m; sourceTree = SOURCE_ROOT; };
/* End PBXFileReference section */

/* Begin PBXFrameworksBuildPhase section */
		2A31F5DF1C87295A00A78C7C /* Frameworks */ = {
			isa = PBXFrameworksBuildPhase;
			buildActionMask = 2147483647;
			files = (
				2A6C518A1C8DCF7C00424729 /* libz.tbd in Frameworks */,
			);
			runOnlyForDeploymentPostprocessing = 0;
		};
/* End PBXFrameworksBuildPhase section */

/* Begin PBXGroup section */
		2A31F5D91C87295A00A78C7C = {
			isa = PBXGroup;
			children = (
				4ABAF4991E7B891B003B3217 /* bin */,
				4ABAF45D1E7B8511003B3217 /* GCDWebServer */,
				4AA28D2C1D94569400B223CA /* LICENSE */,
				4AA28D2D1D94569400B223CA /* README.md */,
				4AA28D2B1D94532300B223CA /* httpdicom_mini.postman_collection.json */,
				2A6BE9E31C91141D0011DEC0 /* httpdicom */,
				2A31F5E41C87295A00A78C7C /* Frameworks */,
				2A31F5E31C87295A00A78C7C /* Products */,
			);
			sourceTree = "<group>";
		};
		2A31F5E31C87295A00A78C7C /* Products */ = {
			isa = PBXGroup;
			children = (
				2A31F5E21C87295A00A78C7C /* httpdicom */,
			);
			name = Products;
			sourceTree = "<group>";
		};
		2A31F5E41C87295A00A78C7C /* Frameworks */ = {
			isa = PBXGroup;
			children = (
				2A6C51891C8DCF7C00424729 /* libz.tbd */,
				2A31F5E51C87295A00A78C7C /* Foundation.framework */,
			);
			name = Frameworks;
			sourceTree = "<group>";
		};
		2A6BE9E31C91141D0011DEC0 /* httpdicom */ = {
			isa = PBXGroup;
			children = (
				4A0E60431E81C01B005D7F2B /* ODLog.h */,
				4A8346691DD91B5F008EFF41 /* NSData+PCS.h */,
				4A83466A1DD91B5F008EFF41 /* NSData+PCS.m */,
				4A83466B1DD91B5F008EFF41 /* NSString+PCS.h */,
				4A83466C1DD91B5F008EFF41 /* NSString+PCS.m */,
				4AAB266F1D8A42A400401FD5 /* main.m */,
				4AAB26701D8A42A400401FD5 /* LFCGzipUtility.m */,
				4AAB26711D8A42A400401FD5 /* zconf.h */,
				4AAB26721D8A42A400401FD5 /* zlib.h */,
				4AAB26731D8A42A400401FD5 /* LFCGzipUtility.h */,
				4AEF37851DC8D6C800CDA008 /* URLSessionDataTask.h */,
				4AEF37861DC8D6C800CDA008 /* URLSessionDataTask.m */,
			);
			name = httpdicom;
			path = IIDproxy;
			sourceTree = "<group>";
		};
		4ABAF45D1E7B8511003B3217 /* GCDWebServer */ = {
			isa = PBXGroup;
			children = (
				4ABAF45E1E7B8511003B3217 /* Core */,
				4ABAF4741E7B8511003B3217 /* Responses */,
			);
			path = GCDWebServer;
			sourceTree = "<group>";
		};
		4ABAF45E1E7B8511003B3217 /* Core */ = {
			isa = PBXGroup;
			children = (
				4ABAF45F1E7B8511003B3217 /* GCDWebServer.h */,
				4ABAF4601E7B8511003B3217 /* GCDWebServer.m */,
				4ABAF4611E7B8511003B3217 /* GCDWebServerConnection.h */,
				4ABAF4621E7B8511003B3217 /* GCDWebServerConnection.m */,
				4ABAF4631E7B8511003B3217 /* GCDWebServerFunctions.h */,
				4ABAF4641E7B8511003B3217 /* GCDWebServerFunctions.m */,
				4ABAF4661E7B8511003B3217 /* GCDWebServerPrivate.h */,
				4ABAF4671E7B8511003B3217 /* GCDWebServerRequest.h */,
				4ABAF4681E7B8511003B3217 /* GCDWebServerRequest.m */,
				4ABAF4691E7B8511003B3217 /* GCDWebServerResponse.h */,
				4ABAF46A1E7B8511003B3217 /* GCDWebServerResponse.m */,
			);
			path = Core;
			sourceTree = "<group>";
		};
		4ABAF4741E7B8511003B3217 /* Responses */ = {
			isa = PBXGroup;
			children = (
				4ABAF4751E7B8511003B3217 /* GCDWebServerDataResponse.h */,
				4ABAF4761E7B8511003B3217 /* GCDWebServerDataResponse.m */,
				4ABAF4771E7B8511003B3217 /* GCDWebServerErrorResponse.h */,
				4ABAF4781E7B8511003B3217 /* GCDWebServerErrorResponse.m */,
				4ABAF4791E7B8511003B3217 /* GCDWebServerFileResponse.h */,
				4ABAF47A1E7B8511003B3217 /* GCDWebServerFileResponse.m */,
				4ABAF47B1E7B8511003B3217 /* GCDWebServerStreamedResponse.h */,
				4ABAF47C1E7B8511003B3217 /* GCDWebServerStreamedResponse.m */,
			);
			path = Responses;
			sourceTree = "<group>";
		};
/* End PBXGroup section */

/* Begin PBXHeadersBuildPhase section */
		2A31F5F71C872E4300A78C7C /* Headers */ = {
			isa = PBXHeadersBuildPhase;
			buildActionMask = 2147483647;
			files = (
				4AAB26781D8A42A400401FD5 /* zlib.h in Headers */,
				4ABAF47F1E7B8511003B3217 /* GCDWebServerConnection.h in Headers */,
				4ABAF4911E7B8511003B3217 /* GCDWebServerDataResponse.h in Headers */,
				4A0E60441E81C01B005D7F2B /* ODLog.h in Headers */,
				4ABAF4811E7B8511003B3217 /* GCDWebServerFunctions.h in Headers */,
				4ABAF4871E7B8511003B3217 /* GCDWebServerResponse.h in Headers */,
				4A83466F1DD91B5F008EFF41 /* NSString+PCS.h in Headers */,
				4ABAF4841E7B8511003B3217 /* GCDWebServerPrivate.h in Headers */,
				4ABAF4971E7B8511003B3217 /* GCDWebServerStreamedResponse.h in Headers */,
				4AAB26791D8A42A400401FD5 /* LFCGzipUtility.h in Headers */,
				4ABAF4931E7B8511003B3217 /* GCDWebServerErrorResponse.h in Headers */,
				4ABAF47D1E7B8511003B3217 /* GCDWebServer.h in Headers */,
				4ABAF4851E7B8511003B3217 /* GCDWebServerRequest.h in Headers */,
				4A83466D1DD91B5F008EFF41 /* NSData+PCS.h in Headers */,
				4ABAF4951E7B8511003B3217 /* GCDWebServerFileResponse.h in Headers */,
				4AEF37871DC8D6C800CDA008 /* URLSessionDataTask.h in Headers */,
				4AAB26771D8A42A400401FD5 /* zconf.h in Headers */,
			);
			runOnlyForDeploymentPostprocessing = 0;
		};
/* End PBXHeadersBuildPhase section */

/* Begin PBXNativeTarget section */
		2A31F5E11C87295A00A78C7C /* httpdicom */ = {
			isa = PBXNativeTarget;
			buildConfigurationList = 2A31F5F01C87295A00A78C7C /* Build configuration list for PBXNativeTarget "httpdicom" */;
			buildPhases = (
				2A31F5F71C872E4300A78C7C /* Headers */,
				2A31F5DE1C87295A00A78C7C /* Sources */,
				2A31F5DF1C87295A00A78C7C /* Frameworks */,
				2A31F5E01C87295A00A78C7C /* CopyFiles */,
			);
			buildRules = (
			);
			dependencies = (
			);
			name = httpdicom;
			productName = BIRproxy;
			productReference = 2A31F5E21C87295A00A78C7C /* httpdicom */;
			productType = "com.apple.product-type.tool";
		};
/* End PBXNativeTarget section */

/* Begin PBXProject section */
		2A31F5DA1C87295A00A78C7C /* Project object */ = {
			isa = PBXProject;
			attributes = {
				LastUpgradeCheck = 0810;
				ORGANIZATIONNAME = ridi.salud.uy;
			};
			buildConfigurationList = 2A31F5DD1C87295A00A78C7C /* Build configuration list for PBXProject "httpdicom" */;
			compatibilityVersion = "Xcode 3.2";
			developmentRegion = English;
			hasScannedForEncodings = 0;
			knownRegions = (
				en,
			);
			mainGroup = 2A31F5D91C87295A00A78C7C;
			productRefGroup = 2A31F5E31C87295A00A78C7C /* Products */;
			projectDirPath = "";
			projectRoot = "";
			targets = (
				2A31F5E11C87295A00A78C7C /* httpdicom */,
			);
		};
/* End PBXProject section */

/* Begin PBXSourcesBuildPhase section */
		2A31F5DE1C87295A00A78C7C /* Sources */ = {
			isa = PBXSourcesBuildPhase;
			buildActionMask = 2147483647;
			files = (
				4A8346701DD91B5F008EFF41 /* NSString+PCS.m in Sources */,
				4ABAF4861E7B8511003B3217 /* GCDWebServerRequest.m in Sources */,
				4ABAF4941E7B8511003B3217 /* GCDWebServerErrorResponse.m in Sources */,
				4ABAF4801E7B8511003B3217 /* GCDWebServerConnection.m in Sources */,
				4AEF37881DC8D6C800CDA008 /* URLSessionDataTask.m in Sources */,
				4ABAF4981E7B8511003B3217 /* GCDWebServerStreamedResponse.m in Sources */,
				4ABAF47E1E7B8511003B3217 /* GCDWebServer.m in Sources */,
				4AAB26751D8A42A400401FD5 /* main.m in Sources */,
				4AAB26761D8A42A400401FD5 /* LFCGzipUtility.m in Sources */,
				4ABAF4881E7B8511003B3217 /* GCDWebServerResponse.m in Sources */,
				4ABAF4961E7B8511003B3217 /* GCDWebServerFileResponse.m in Sources */,
				4ABAF4921E7B8511003B3217 /* GCDWebServerDataResponse.m in Sources */,
				4ABAF4821E7B8511003B3217 /* GCDWebServerFunctions.m in Sources */,
				4A83466E1DD91B5F008EFF41 /* NSData+PCS.m in Sources */,
			);
			runOnlyForDeploymentPostprocessing = 0;
		};
/* End PBXSourcesBuildPhase section */

/* Begin XCBuildConfiguration section */
		2A31F5EE1C87295A00A78C7C /* Debug */ = {
			isa = XCBuildConfiguration;
			buildSettings = {
				ALWAYS_SEARCH_USER_PATHS = NO;
				CLANG_CXX_LANGUAGE_STANDARD = "gnu++0x";
				CLANG_CXX_LIBRARY = "libc++";
				CLANG_ENABLE_MODULES = YES;
				CLANG_ENABLE_OBJC_ARC = YES;
				CLANG_WARN_BOOL_CONVERSION = YES;
				CLANG_WARN_CONSTANT_CONVERSION = YES;
				CLANG_WARN_DIRECT_OBJC_ISA_USAGE = YES_ERROR;
				CLANG_WARN_EMPTY_BODY = YES;
				CLANG_WARN_ENUM_CONVERSION = YES;
				CLANG_WARN_INFINITE_RECURSION = YES;
				CLANG_WARN_INT_CONVERSION = YES;
				CLANG_WARN_OBJC_ROOT_CLASS = YES_ERROR;
				CLANG_WARN_SUSPICIOUS_MOVE = YES;
				CLANG_WARN_UNREACHABLE_CODE = YES;
				CLANG_WARN__DUPLICATE_METHOD_MATCH = YES;
				COPY_PHASE_STRIP = NO;
				ENABLE_STRICT_OBJC_MSGSEND = YES;
				ENABLE_TESTABILITY = YES;
				GCC_C_LANGUAGE_STANDARD = gnu99;
				GCC_DYNAMIC_NO_PIC = NO;
				GCC_ENABLE_OBJC_EXCEPTIONS = YES;
				GCC_NO_COMMON_BLOCKS = YES;
				GCC_OPTIMIZATION_LEVEL = 0;
				GCC_PREPROCESSOR_DEFINITIONS = (
					"DEBUG=1",
					"$(inherited)",
				);
				GCC_SYMBOLS_PRIVATE_EXTERN = NO;
				GCC_WARN_64_TO_32_BIT_CONVERSION = YES;
				GCC_WARN_ABOUT_RETURN_TYPE = YES_ERROR;
				GCC_WARN_UNDECLARED_SELECTOR = YES;
				GCC_WARN_UNINITIALIZED_AUTOS = YES_AGGRESSIVE;
				GCC_WARN_UNUSED_FUNCTION = YES;
				GCC_WARN_UNUSED_VARIABLE = YES;
				MACOSX_DEPLOYMENT_TARGET = 10.11;
				ONLY_ACTIVE_ARCH = YES;
				SDKROOT = macosx;
			};
			name = Debug;
		};
		2A31F5EF1C87295A00A78C7C /* Release */ = {
			isa = XCBuildConfiguration;
			buildSettings = {
				ALWAYS_SEARCH_USER_PATHS = NO;
				CLANG_CXX_LANGUAGE_STANDARD = "gnu++0x";
				CLANG_CXX_LIBRARY = "libc++";
				CLANG_ENABLE_MODULES = YES;
				CLANG_ENABLE_OBJC_ARC = YES;
				CLANG_WARN_BOOL_CONVERSION = YES;
				CLANG_WARN_CONSTANT_CONVERSION = YES;
				CLANG_WARN_DIRECT_OBJC_ISA_USAGE = YES_ERROR;
				CLANG_WARN_EMPTY_BODY = YES;
				CLANG_WARN_ENUM_CONVERSION = YES;
				CLANG_WARN_INFINITE_RECURSION = YES;
				CLANG_WARN_INT_CONVERSION = YES;
				CLANG_WARN_OBJC_ROOT_CLASS = YES_ERROR;
				CLANG_WARN_SUSPICIOUS_MOVE = YES;
				CLANG_WARN_UNREACHABLE_CODE = YES;
				CLANG_WARN__DUPLICATE_METHOD_MATCH = YES;
				COPY_PHASE_STRIP = YES;
				DEBUG_INFORMATION_FORMAT = "dwarf-with-dsym";
				ENABLE_NS_ASSERTIONS = NO;
				ENABLE_STRICT_OBJC_MSGSEND = YES;
				GCC_C_LANGUAGE_STANDARD = gnu99;
				GCC_ENABLE_OBJC_EXCEPTIONS = YES;
				GCC_NO_COMMON_BLOCKS = YES;
				GCC_WARN_64_TO_32_BIT_CONVERSION = YES;
				GCC_WARN_ABOUT_RETURN_TYPE = YES_ERROR;
				GCC_WARN_UNDECLARED_SELECTOR = YES;
				GCC_WARN_UNINITIALIZED_AUTOS = YES_AGGRESSIVE;
				GCC_WARN_UNUSED_FUNCTION = YES;
				GCC_WARN_UNUSED_VARIABLE = YES;
				MACOSX_DEPLOYMENT_TARGET = 10.11;
				SDKROOT = macosx;
			};
			name = Release;
		};
		2A31F5F11C87295A00A78C7C /* Debug */ = {
			isa = XCBuildConfiguration;
			buildSettings = {
				GCC_PRECOMPILE_PREFIX_HEADER = NO;
				GCC_PREFIX_HEADER = "";
				HEADER_SEARCH_PATHS = (
					"$(inherited)",
					/Applications/Xcode.app/Contents/Developer/Toolchains/XcodeDefault.xctoolchain/usr/include,
					"$(SDKROOT)/usr/include/libxml2",
				);
				LIBRARY_SEARCH_PATHS = "$(inherited)";
				MACOSX_DEPLOYMENT_TARGET = 10.11;
				PRODUCT_NAME = httpdicom;
			};
			name = Debug;
		};
		2A31F5F21C87295A00A78C7C /* Release */ = {
			isa = XCBuildConfiguration;
			buildSettings = {
				GCC_PRECOMPILE_PREFIX_HEADER = NO;
				GCC_PREFIX_HEADER = "";
				HEADER_SEARCH_PATHS = (
					"$(inherited)",
					/Applications/Xcode.app/Contents/Developer/Toolchains/XcodeDefault.xctoolchain/usr/include,
					"$(SDKROOT)/usr/include/libxml2",
				);
				LIBRARY_SEARCH_PATHS = "$(inherited)";
				MACOSX_DEPLOYMENT_TARGET = 10.11;
				PRODUCT_NAME = httpdicom;
			};
			name = Release;
		};
/* End XCBuildConfiguration section */

/* Begin XCConfigurationList section */
		2A31F5DD1C87295A00A78C7C /* Build configuration list for PBXProject "httpdicom" */ = {
			isa = XCConfigurationList;
			buildConfigurations = (
				2A31F5EE1C87295A00A78C7C /* Debug */,
				2A31F5EF1C87295A00A78C7C /* Release */,
			);
			defaultConfigurationIsVisible = 0;
			defaultConfigurationName = Release;
		};
		2A31F5F01C87295A00A78C7C /* Build configuration list for PBXNativeTarget "httpdicom" */ = {
			isa = XCConfigurationList;
			buildConfigurations = (
				2A31F5F11C87295A00A78C7C /* Debug */,
				2A31F5F21C87295A00A78C7C /* Release */,
			);
			defaultConfigurationIsVisible = 0;
			defaultConfigurationName = Release;
		};
/* End XCConfigurationList section */
	};
	rootObject = 2A31F5DA1C87295A00A78C7C /* Project object */;
}
